// !$*UTF8*$!
{
	archiveVersion = 1;
	classes = {
	};
	objectVersion = 70;
	objects = {

/* Begin PBXBuildFile section */
		1E8C8B332D740BE000493E8C /* NetworkingServiceManager.framework in Frameworks */ = {isa = PBXBuildFile; fileRef = 1E8C8B2B2D740BE000493E8C /* NetworkingServiceManager.framework */; };
		1E8C8B682D740EE300493E8C /* NetworkingServiceManager.framework in Frameworks */ = {isa = PBXBuildFile; fileRef = 1E8C8B2B2D740BE000493E8C /* NetworkingServiceManager.framework */; };
		1E8C8B692D740EE300493E8C /* NetworkingServiceManager.framework in Embed Frameworks */ = {isa = PBXBuildFile; fileRef = 1E8C8B2B2D740BE000493E8C /* NetworkingServiceManager.framework */; settings = {ATTRIBUTES = (CodeSignOnCopy, RemoveHeadersOnCopy, ); }; };
		2971A4032D696DE3006D1844 /* ViewController.swift in Sources */ = {isa = PBXBuildFile; fileRef = 2971A4022D696DE3006D1844 /* ViewController.swift */; };
		2971A4062D696DE3006D1844 /* Main.storyboard in Resources */ = {isa = PBXBuildFile; fileRef = 2971A4042D696DE3006D1844 /* Main.storyboard */; };
		2971A4082D696DE5006D1844 /* Assets.xcassets in Resources */ = {isa = PBXBuildFile; fileRef = 2971A4072D696DE5006D1844 /* Assets.xcassets */; };
		2971A40B2D696DE5006D1844 /* LaunchScreen.storyboard in Resources */ = {isa = PBXBuildFile; fileRef = 2971A4092D696DE5006D1844 /* LaunchScreen.storyboard */; };
		2971A4162D696DE5006D1844 /* NetworkingLayerTests.swift in Sources */ = {isa = PBXBuildFile; fileRef = 2971A4152D696DE5006D1844 /* NetworkingLayerTests.swift */; };
		2971A4202D696DE5006D1844 /* NetworkingLayerUITests.swift in Sources */ = {isa = PBXBuildFile; fileRef = 2971A41F2D696DE5006D1844 /* NetworkingLayerUITests.swift */; };
		2971A4222D696DE5006D1844 /* NetworkingLayerUITestsLaunchTests.swift in Sources */ = {isa = PBXBuildFile; fileRef = 2971A4212D696DE5006D1844 /* NetworkingLayerUITestsLaunchTests.swift */; };
/* End PBXBuildFile section */

/* Begin PBXContainerItemProxy section */
		1E8C8B342D740BE000493E8C /* PBXContainerItemProxy */ = {
			isa = PBXContainerItemProxy;
			containerPortal = 2971A3F32D696DE3006D1844 /* Project object */;
			proxyType = 1;
			remoteGlobalIDString = 1E8C8B2A2D740BE000493E8C;
			remoteInfo = NetworkingServiceManager;
		};
		1E8C8B362D740BE000493E8C /* PBXContainerItemProxy */ = {
			isa = PBXContainerItemProxy;
			containerPortal = 2971A3F32D696DE3006D1844 /* Project object */;
			proxyType = 1;
			remoteGlobalIDString = 2971A3FA2D696DE3006D1844;
			remoteInfo = NetworkingLayer;
		};
		1E8C8B6A2D740EE300493E8C /* PBXContainerItemProxy */ = {
			isa = PBXContainerItemProxy;
			containerPortal = 2971A3F32D696DE3006D1844 /* Project object */;
			proxyType = 1;
			remoteGlobalIDString = 1E8C8B2A2D740BE000493E8C;
			remoteInfo = NetworkingServiceManager;
		};
		2971A4122D696DE5006D1844 /* PBXContainerItemProxy */ = {
			isa = PBXContainerItemProxy;
			containerPortal = 2971A3F32D696DE3006D1844 /* Project object */;
			proxyType = 1;
			remoteGlobalIDString = 2971A3FA2D696DE3006D1844;
			remoteInfo = NetworkingLayer;
		};
		2971A41C2D696DE5006D1844 /* PBXContainerItemProxy */ = {
			isa = PBXContainerItemProxy;
			containerPortal = 2971A3F32D696DE3006D1844 /* Project object */;
			proxyType = 1;
			remoteGlobalIDString = 2971A3FA2D696DE3006D1844;
			remoteInfo = NetworkingLayer;
		};
/* End PBXContainerItemProxy section */

/* Begin PBXCopyFilesBuildPhase section */
		1E8C8B6C2D740EE300493E8C /* Embed Frameworks */ = {
			isa = PBXCopyFilesBuildPhase;
			buildActionMask = 2147483647;
			dstPath = "";
			dstSubfolderSpec = 10;
			files = (
				1E8C8B692D740EE300493E8C /* NetworkingServiceManager.framework in Embed Frameworks */,
			);
			name = "Embed Frameworks";
			runOnlyForDeploymentPostprocessing = 0;
		};
/* End PBXCopyFilesBuildPhase section */

/* Begin PBXFileReference section */
		1E8C8B2B2D740BE000493E8C /* NetworkingServiceManager.framework */ = {isa = PBXFileReference; explicitFileType = wrapper.framework; includeInIndex = 0; path = NetworkingServiceManager.framework; sourceTree = BUILT_PRODUCTS_DIR; };
		1E8C8B322D740BE000493E8C /* NetworkingServiceManagerTests.xctest */ = {isa = PBXFileReference; explicitFileType = wrapper.cfbundle; includeInIndex = 0; path = NetworkingServiceManagerTests.xctest; sourceTree = BUILT_PRODUCTS_DIR; };
		2971A3FB2D696DE3006D1844 /* NetworkingLayer.app */ = {isa = PBXFileReference; explicitFileType = wrapper.application; includeInIndex = 0; path = NetworkingLayer.app; sourceTree = BUILT_PRODUCTS_DIR; };
		2971A4022D696DE3006D1844 /* ViewController.swift */ = {isa = PBXFileReference; lastKnownFileType = sourcecode.swift; path = ViewController.swift; sourceTree = "<group>"; };
		2971A4052D696DE3006D1844 /* Base */ = {isa = PBXFileReference; lastKnownFileType = file.storyboard; name = Base; path = Base.lproj/Main.storyboard; sourceTree = "<group>"; };
		2971A4072D696DE5006D1844 /* Assets.xcassets */ = {isa = PBXFileReference; lastKnownFileType = folder.assetcatalog; path = Assets.xcassets; sourceTree = "<group>"; };
		2971A40A2D696DE5006D1844 /* Base */ = {isa = PBXFileReference; lastKnownFileType = file.storyboard; name = Base; path = Base.lproj/LaunchScreen.storyboard; sourceTree = "<group>"; };
		2971A40C2D696DE5006D1844 /* Info.plist */ = {isa = PBXFileReference; lastKnownFileType = text.plist.xml; path = Info.plist; sourceTree = "<group>"; };
		2971A4112D696DE5006D1844 /* NetworkingLayerTests.xctest */ = {isa = PBXFileReference; explicitFileType = wrapper.cfbundle; includeInIndex = 0; path = NetworkingLayerTests.xctest; sourceTree = BUILT_PRODUCTS_DIR; };
		2971A4152D696DE5006D1844 /* NetworkingLayerTests.swift */ = {isa = PBXFileReference; lastKnownFileType = sourcecode.swift; path = NetworkingLayerTests.swift; sourceTree = "<group>"; };
		2971A41B2D696DE5006D1844 /* NetworkingLayerUITests.xctest */ = {isa = PBXFileReference; explicitFileType = wrapper.cfbundle; includeInIndex = 0; path = NetworkingLayerUITests.xctest; sourceTree = BUILT_PRODUCTS_DIR; };
		2971A41F2D696DE5006D1844 /* NetworkingLayerUITests.swift */ = {isa = PBXFileReference; lastKnownFileType = sourcecode.swift; path = NetworkingLayerUITests.swift; sourceTree = "<group>"; };
		2971A4212D696DE5006D1844 /* NetworkingLayerUITestsLaunchTests.swift */ = {isa = PBXFileReference; lastKnownFileType = sourcecode.swift; path = NetworkingLayerUITestsLaunchTests.swift; sourceTree = "<group>"; };
/* End PBXFileReference section */

/* Begin PBXFileSystemSynchronizedBuildFileExceptionSet section */
		1E8C8B652D740D2E00493E8C /* PBXFileSystemSynchronizedBuildFileExceptionSet */ = {
			isa = PBXFileSystemSynchronizedBuildFileExceptionSet;
			membershipExceptions = (
				NetworkingServiceManager/APIRequestType.swift,
				NetworkingServiceManager/Model.swift,
				NetworkingServiceManager/NetworkError.swift,
				NetworkingServiceManager/NetworkingManager.swift,
				NetworkingServiceManager/NetworkingServiceManager.h,
				NetworkingServiceManager/NetworkManagerAPI.swift,
				NetworkingServiceManager/NetworkManagerAPIService.swift,
			);
			publicHeaders = (
				NetworkingServiceManager/NetworkingServiceManager.h,
			);
			target = 1E8C8B2A2D740BE000493E8C /* NetworkingServiceManager */;
		};
		1E8C8B662D740D2E00493E8C /* PBXFileSystemSynchronizedBuildFileExceptionSet */ = {
			isa = PBXFileSystemSynchronizedBuildFileExceptionSet;
			membershipExceptions = (
				NetworkingServiceManagerTests/NetworkingServiceManagerTests.swift,
			);
			target = 1E8C8B312D740BE000493E8C /* NetworkingServiceManagerTests */;
		};
/* End PBXFileSystemSynchronizedBuildFileExceptionSet section */

/* Begin PBXFileSystemSynchronizedRootGroup section */
		1E8C8B252D740BC200493E8C /* CustomFrameworks */ = {isa = PBXFileSystemSynchronizedRootGroup; exceptions = (1E8C8B652D740D2E00493E8C /* PBXFileSystemSynchronizedBuildFileExceptionSet */, 1E8C8B662D740D2E00493E8C /* PBXFileSystemSynchronizedBuildFileExceptionSet */, ); explicitFileTypes = {}; explicitFolders = (); path = CustomFrameworks; sourceTree = "<group>"; };
		1EF9C7DC2D715A5E001E897B /* Coordinators */ = {isa = PBXFileSystemSynchronizedRootGroup; explicitFileTypes = {}; explicitFolders = (); path = Coordinators; sourceTree = "<group>"; };
		1EF9C7E02D715A71001E897B /* Modules */ = {isa = PBXFileSystemSynchronizedRootGroup; explicitFileTypes = {}; explicitFolders = (); path = Modules; sourceTree = "<group>"; };
		1EF9C7E12D715A83001E897B /* Services */ = {isa = PBXFileSystemSynchronizedRootGroup; explicitFileTypes = {}; explicitFolders = (); path = Services; sourceTree = "<group>"; };
		1EF9C7E52D715A9F001E897B /* Utilities */ = {isa = PBXFileSystemSynchronizedRootGroup; explicitFileTypes = {}; explicitFolders = (); path = Utilities; sourceTree = "<group>"; };
		1EF9C7E62D716471001E897B /* Mocks */ = {isa = PBXFileSystemSynchronizedRootGroup; explicitFileTypes = {}; explicitFolders = (); path = Mocks; sourceTree = "<group>"; };
/* End PBXFileSystemSynchronizedRootGroup section */

/* Begin PBXFrameworksBuildPhase section */
		1E8C8B282D740BE000493E8C /* Frameworks */ = {
			isa = PBXFrameworksBuildPhase;
			buildActionMask = 2147483647;
			files = (
			);
			runOnlyForDeploymentPostprocessing = 0;
		};
		1E8C8B2F2D740BE000493E8C /* Frameworks */ = {
			isa = PBXFrameworksBuildPhase;
			buildActionMask = 2147483647;
			files = (
				1E8C8B332D740BE000493E8C /* NetworkingServiceManager.framework in Frameworks */,
			);
			runOnlyForDeploymentPostprocessing = 0;
		};
		2971A3F82D696DE3006D1844 /* Frameworks */ = {
			isa = PBXFrameworksBuildPhase;
			buildActionMask = 2147483647;
			files = (
				1E8C8B682D740EE300493E8C /* NetworkingServiceManager.framework in Frameworks */,
			);
			runOnlyForDeploymentPostprocessing = 0;
		};
		2971A40E2D696DE5006D1844 /* Frameworks */ = {
			isa = PBXFrameworksBuildPhase;
			buildActionMask = 2147483647;
			files = (
			);
			runOnlyForDeploymentPostprocessing = 0;
		};
		2971A4182D696DE5006D1844 /* Frameworks */ = {
			isa = PBXFrameworksBuildPhase;
			buildActionMask = 2147483647;
			files = (
			);
			runOnlyForDeploymentPostprocessing = 0;
		};
/* End PBXFrameworksBuildPhase section */

/* Begin PBXGroup section */
		1E8C8B672D740EE300493E8C /* Frameworks */ = {
			isa = PBXGroup;
			children = (
			);
			name = Frameworks;
			sourceTree = "<group>";
		};
		2971A3F22D696DE3006D1844 = {
			isa = PBXGroup;
			children = (
				1E8C8B252D740BC200493E8C /* CustomFrameworks */,
				2971A3FD2D696DE3006D1844 /* NetworkingLayer */,
				2971A4142D696DE5006D1844 /* NetworkingLayerTests */,
				2971A41E2D696DE5006D1844 /* NetworkingLayerUITests */,
				1E8C8B672D740EE300493E8C /* Frameworks */,
				2971A3FC2D696DE3006D1844 /* Products */,
			);
			sourceTree = "<group>";
		};
		2971A3FC2D696DE3006D1844 /* Products */ = {
			isa = PBXGroup;
			children = (
				2971A3FB2D696DE3006D1844 /* NetworkingLayer.app */,
				2971A4112D696DE5006D1844 /* NetworkingLayerTests.xctest */,
				2971A41B2D696DE5006D1844 /* NetworkingLayerUITests.xctest */,
				1E8C8B2B2D740BE000493E8C /* NetworkingServiceManager.framework */,
				1E8C8B322D740BE000493E8C /* NetworkingServiceManagerTests.xctest */,
			);
			name = Products;
			sourceTree = "<group>";
		};
		2971A3FD2D696DE3006D1844 /* NetworkingLayer */ = {
			isa = PBXGroup;
			children = (
				1EF9C7E52D715A9F001E897B /* Utilities */,
				1EF9C7E12D715A83001E897B /* Services */,
				1EF9C7E02D715A71001E897B /* Modules */,
				1EF9C7DC2D715A5E001E897B /* Coordinators */,
				2971A4022D696DE3006D1844 /* ViewController.swift */,
				2971A4042D696DE3006D1844 /* Main.storyboard */,
				2971A4072D696DE5006D1844 /* Assets.xcassets */,
				2971A4092D696DE5006D1844 /* LaunchScreen.storyboard */,
				2971A40C2D696DE5006D1844 /* Info.plist */,
			);
			path = NetworkingLayer;
			sourceTree = "<group>";
		};
		2971A4142D696DE5006D1844 /* NetworkingLayerTests */ = {
			isa = PBXGroup;
			children = (
				1EF9C7E62D716471001E897B /* Mocks */,
				2971A4152D696DE5006D1844 /* NetworkingLayerTests.swift */,
			);
			path = NetworkingLayerTests;
			sourceTree = "<group>";
		};
		2971A41E2D696DE5006D1844 /* NetworkingLayerUITests */ = {
			isa = PBXGroup;
			children = (
				2971A41F2D696DE5006D1844 /* NetworkingLayerUITests.swift */,
				2971A4212D696DE5006D1844 /* NetworkingLayerUITestsLaunchTests.swift */,
			);
			path = NetworkingLayerUITests;
			sourceTree = "<group>";
		};
/* End PBXGroup section */

/* Begin PBXHeadersBuildPhase section */
		1E8C8B262D740BE000493E8C /* Headers */ = {
			isa = PBXHeadersBuildPhase;
			buildActionMask = 2147483647;
			files = (
			);
			runOnlyForDeploymentPostprocessing = 0;
		};
/* End PBXHeadersBuildPhase section */

/* Begin PBXNativeTarget section */
		1E8C8B2A2D740BE000493E8C /* NetworkingServiceManager */ = {
			isa = PBXNativeTarget;
			buildConfigurationList = 1E8C8B412D740BE000493E8C /* Build configuration list for PBXNativeTarget "NetworkingServiceManager" */;
			buildPhases = (
				1E8C8B262D740BE000493E8C /* Headers */,
				1E8C8B272D740BE000493E8C /* Sources */,
				1E8C8B282D740BE000493E8C /* Frameworks */,
				1E8C8B292D740BE000493E8C /* Resources */,
			);
			buildRules = (
			);
			dependencies = (
			);
			name = NetworkingServiceManager;
			packageProductDependencies = (
			);
			productName = NetworkingServiceManager;
			productReference = 1E8C8B2B2D740BE000493E8C /* NetworkingServiceManager.framework */;
			productType = "com.apple.product-type.framework";
		};
		1E8C8B312D740BE000493E8C /* NetworkingServiceManagerTests */ = {
			isa = PBXNativeTarget;
			buildConfigurationList = 1E8C8B452D740BE000493E8C /* Build configuration list for PBXNativeTarget "NetworkingServiceManagerTests" */;
			buildPhases = (
				1E8C8B2E2D740BE000493E8C /* Sources */,
				1E8C8B2F2D740BE000493E8C /* Frameworks */,
				1E8C8B302D740BE000493E8C /* Resources */,
			);
			buildRules = (
			);
			dependencies = (
				1E8C8B352D740BE000493E8C /* PBXTargetDependency */,
				1E8C8B372D740BE000493E8C /* PBXTargetDependency */,
			);
			name = NetworkingServiceManagerTests;
			packageProductDependencies = (
			);
			productName = NetworkingServiceManagerTests;
			productReference = 1E8C8B322D740BE000493E8C /* NetworkingServiceManagerTests.xctest */;
			productType = "com.apple.product-type.bundle.unit-test";
		};
		2971A3FA2D696DE3006D1844 /* NetworkingLayer */ = {
			isa = PBXNativeTarget;
			buildConfigurationList = 2971A4252D696DE5006D1844 /* Build configuration list for PBXNativeTarget "NetworkingLayer" */;
			buildPhases = (
				2971A3F72D696DE3006D1844 /* Sources */,
				2971A3F82D696DE3006D1844 /* Frameworks */,
				2971A3F92D696DE3006D1844 /* Resources */,
				1E8C8B6C2D740EE300493E8C /* Embed Frameworks */,
			);
			buildRules = (
			);
			dependencies = (
				1E8C8B6B2D740EE300493E8C /* PBXTargetDependency */,
			);
			fileSystemSynchronizedGroups = (
				1EF9C7DC2D715A5E001E897B /* Coordinators */,
				1EF9C7E02D715A71001E897B /* Modules */,
				1EF9C7E12D715A83001E897B /* Services */,
				1EF9C7E52D715A9F001E897B /* Utilities */,
			);
			name = NetworkingLayer;
			productName = NetworkingLayer;
			productReference = 2971A3FB2D696DE3006D1844 /* NetworkingLayer.app */;
			productType = "com.apple.product-type.application";
		};
		2971A4102D696DE5006D1844 /* NetworkingLayerTests */ = {
			isa = PBXNativeTarget;
			buildConfigurationList = 2971A4282D696DE5006D1844 /* Build configuration list for PBXNativeTarget "NetworkingLayerTests" */;
			buildPhases = (
				2971A40D2D696DE5006D1844 /* Sources */,
				2971A40E2D696DE5006D1844 /* Frameworks */,
				2971A40F2D696DE5006D1844 /* Resources */,
			);
			buildRules = (
			);
			dependencies = (
				2971A4132D696DE5006D1844 /* PBXTargetDependency */,
			);
			fileSystemSynchronizedGroups = (
				1EF9C7E62D716471001E897B /* Mocks */,
			);
			name = NetworkingLayerTests;
			productName = NetworkingLayerTests;
			productReference = 2971A4112D696DE5006D1844 /* NetworkingLayerTests.xctest */;
			productType = "com.apple.product-type.bundle.unit-test";
		};
		2971A41A2D696DE5006D1844 /* NetworkingLayerUITests */ = {
			isa = PBXNativeTarget;
			buildConfigurationList = 2971A42B2D696DE5006D1844 /* Build configuration list for PBXNativeTarget "NetworkingLayerUITests" */;
			buildPhases = (
				2971A4172D696DE5006D1844 /* Sources */,
				2971A4182D696DE5006D1844 /* Frameworks */,
				2971A4192D696DE5006D1844 /* Resources */,
			);
			buildRules = (
			);
			dependencies = (
				2971A41D2D696DE5006D1844 /* PBXTargetDependency */,
			);
			name = NetworkingLayerUITests;
			productName = NetworkingLayerUITests;
			productReference = 2971A41B2D696DE5006D1844 /* NetworkingLayerUITests.xctest */;
			productType = "com.apple.product-type.bundle.ui-testing";
		};
/* End PBXNativeTarget section */

/* Begin PBXProject section */
		2971A3F32D696DE3006D1844 /* Project object */ = {
			isa = PBXProject;
			attributes = {
				BuildIndependentTargetsInParallel = 1;
				LastSwiftUpdateCheck = 1620;
				LastUpgradeCheck = 1510;
				TargetAttributes = {
					1E8C8B2A2D740BE000493E8C = {
						CreatedOnToolsVersion = 16.2;
					};
					1E8C8B312D740BE000493E8C = {
						CreatedOnToolsVersion = 16.2;
						TestTargetID = 2971A3FA2D696DE3006D1844;
					};
					2971A3FA2D696DE3006D1844 = {
						CreatedOnToolsVersion = 15.1;
					};
					2971A4102D696DE5006D1844 = {
						CreatedOnToolsVersion = 15.1;
						TestTargetID = 2971A3FA2D696DE3006D1844;
					};
					2971A41A2D696DE5006D1844 = {
						CreatedOnToolsVersion = 15.1;
						TestTargetID = 2971A3FA2D696DE3006D1844;
					};
				};
			};
			buildConfigurationList = 2971A3F62D696DE3006D1844 /* Build configuration list for PBXProject "NetworkingLayer" */;
			compatibilityVersion = "Xcode 14.0";
			developmentRegion = en;
			hasScannedForEncodings = 0;
			knownRegions = (
				en,
				Base,
			);
			mainGroup = 2971A3F22D696DE3006D1844;
			productRefGroup = 2971A3FC2D696DE3006D1844 /* Products */;
			projectDirPath = "";
			projectRoot = "";
			targets = (
				2971A3FA2D696DE3006D1844 /* NetworkingLayer */,
				2971A4102D696DE5006D1844 /* NetworkingLayerTests */,
				2971A41A2D696DE5006D1844 /* NetworkingLayerUITests */,
				1E8C8B2A2D740BE000493E8C /* NetworkingServiceManager */,
				1E8C8B312D740BE000493E8C /* NetworkingServiceManagerTests */,
			);
		};
/* End PBXProject section */

/* Begin PBXResourcesBuildPhase section */
		1E8C8B292D740BE000493E8C /* Resources */ = {
			isa = PBXResourcesBuildPhase;
			buildActionMask = 2147483647;
			files = (
			);
			runOnlyForDeploymentPostprocessing = 0;
		};
		1E8C8B302D740BE000493E8C /* Resources */ = {
			isa = PBXResourcesBuildPhase;
			buildActionMask = 2147483647;
			files = (
			);
			runOnlyForDeploymentPostprocessing = 0;
		};
		2971A3F92D696DE3006D1844 /* Resources */ = {
			isa = PBXResourcesBuildPhase;
			buildActionMask = 2147483647;
			files = (
				2971A40B2D696DE5006D1844 /* LaunchScreen.storyboard in Resources */,
				2971A4082D696DE5006D1844 /* Assets.xcassets in Resources */,
				2971A4062D696DE3006D1844 /* Main.storyboard in Resources */,
			);
			runOnlyForDeploymentPostprocessing = 0;
		};
		2971A40F2D696DE5006D1844 /* Resources */ = {
			isa = PBXResourcesBuildPhase;
			buildActionMask = 2147483647;
			files = (
			);
			runOnlyForDeploymentPostprocessing = 0;
		};
		2971A4192D696DE5006D1844 /* Resources */ = {
			isa = PBXResourcesBuildPhase;
			buildActionMask = 2147483647;
			files = (
			);
			runOnlyForDeploymentPostprocessing = 0;
		};
/* End PBXResourcesBuildPhase section */

/* Begin PBXSourcesBuildPhase section */
		1E8C8B272D740BE000493E8C /* Sources */ = {
			isa = PBXSourcesBuildPhase;
			buildActionMask = 2147483647;
			files = (
			);
			runOnlyForDeploymentPostprocessing = 0;
		};
		1E8C8B2E2D740BE000493E8C /* Sources */ = {
			isa = PBXSourcesBuildPhase;
			buildActionMask = 2147483647;
			files = (
			);
			runOnlyForDeploymentPostprocessing = 0;
		};
		2971A3F72D696DE3006D1844 /* Sources */ = {
			isa = PBXSourcesBuildPhase;
			buildActionMask = 2147483647;
			files = (
				2971A4032D696DE3006D1844 /* ViewController.swift in Sources */,
			);
			runOnlyForDeploymentPostprocessing = 0;
		};
		2971A40D2D696DE5006D1844 /* Sources */ = {
			isa = PBXSourcesBuildPhase;
			buildActionMask = 2147483647;
			files = (
				2971A4162D696DE5006D1844 /* NetworkingLayerTests.swift in Sources */,
			);
			runOnlyForDeploymentPostprocessing = 0;
		};
		2971A4172D696DE5006D1844 /* Sources */ = {
			isa = PBXSourcesBuildPhase;
			buildActionMask = 2147483647;
			files = (
				2971A4222D696DE5006D1844 /* NetworkingLayerUITestsLaunchTests.swift in Sources */,
				2971A4202D696DE5006D1844 /* NetworkingLayerUITests.swift in Sources */,
			);
			runOnlyForDeploymentPostprocessing = 0;
		};
/* End PBXSourcesBuildPhase section */

/* Begin PBXTargetDependency section */
		1E8C8B352D740BE000493E8C /* PBXTargetDependency */ = {
			isa = PBXTargetDependency;
			target = 1E8C8B2A2D740BE000493E8C /* NetworkingServiceManager */;
			targetProxy = 1E8C8B342D740BE000493E8C /* PBXContainerItemProxy */;
		};
		1E8C8B372D740BE000493E8C /* PBXTargetDependency */ = {
			isa = PBXTargetDependency;
			target = 2971A3FA2D696DE3006D1844 /* NetworkingLayer */;
			targetProxy = 1E8C8B362D740BE000493E8C /* PBXContainerItemProxy */;
		};
		1E8C8B6B2D740EE300493E8C /* PBXTargetDependency */ = {
			isa = PBXTargetDependency;
			target = 1E8C8B2A2D740BE000493E8C /* NetworkingServiceManager */;
			targetProxy = 1E8C8B6A2D740EE300493E8C /* PBXContainerItemProxy */;
		};
		2971A4132D696DE5006D1844 /* PBXTargetDependency */ = {
			isa = PBXTargetDependency;
			target = 2971A3FA2D696DE3006D1844 /* NetworkingLayer */;
			targetProxy = 2971A4122D696DE5006D1844 /* PBXContainerItemProxy */;
		};
		2971A41D2D696DE5006D1844 /* PBXTargetDependency */ = {
			isa = PBXTargetDependency;
			target = 2971A3FA2D696DE3006D1844 /* NetworkingLayer */;
			targetProxy = 2971A41C2D696DE5006D1844 /* PBXContainerItemProxy */;
		};
/* End PBXTargetDependency section */

/* Begin PBXVariantGroup section */
		2971A4042D696DE3006D1844 /* Main.storyboard */ = {
			isa = PBXVariantGroup;
			children = (
				2971A4052D696DE3006D1844 /* Base */,
			);
			name = Main.storyboard;
			sourceTree = "<group>";
		};
		2971A4092D696DE5006D1844 /* LaunchScreen.storyboard */ = {
			isa = PBXVariantGroup;
			children = (
				2971A40A2D696DE5006D1844 /* Base */,
			);
			name = LaunchScreen.storyboard;
			sourceTree = "<group>";
		};
/* End PBXVariantGroup section */

/* Begin XCBuildConfiguration section */
		1E8C8B422D740BE000493E8C /* Debug */ = {
			isa = XCBuildConfiguration;
			buildSettings = {
				BUILD_LIBRARY_FOR_DISTRIBUTION = YES;
				CODE_SIGN_STYLE = Manual;
				CURRENT_PROJECT_VERSION = 1;
				DEFINES_MODULE = YES;
				DEVELOPMENT_TEAM = "";
				DYLIB_COMPATIBILITY_VERSION = 1;
				DYLIB_CURRENT_VERSION = 1;
				DYLIB_INSTALL_NAME_BASE = "@rpath";
				ENABLE_MODULE_VERIFIER = YES;
				GENERATE_INFOPLIST_FILE = YES;
				INFOPLIST_KEY_NSHumanReadableCopyright = "";
				INSTALL_PATH = "$(LOCAL_LIBRARY_DIR)/Frameworks";
				IPHONEOS_DEPLOYMENT_TARGET = 18.2;
				LD_RUNPATH_SEARCH_PATHS = (
					"$(inherited)",
					"@executable_path/Frameworks",
					"@loader_path/Frameworks",
				);
				MACH_O_TYPE = staticlib;
				MARKETING_VERSION = 1.0;
				MODULE_VERIFIER_SUPPORTED_LANGUAGES = "objective-c objective-c++";
				MODULE_VERIFIER_SUPPORTED_LANGUAGE_STANDARDS = "gnu17 gnu++20";
				PRODUCT_BUNDLE_IDENTIFIER = abiu.ramirezroldan.NetworkingServiceManager;
				PRODUCT_NAME = "$(TARGET_NAME:c99extidentifier)";
				PROVISIONING_PROFILE_SPECIFIER = "";
				SKIP_INSTALL = YES;
				SWIFT_EMIT_LOC_STRINGS = YES;
				SWIFT_INSTALL_OBJC_HEADER = NO;
				SWIFT_VERSION = 5.0;
				TARGETED_DEVICE_FAMILY = "1,2";
				VERSIONING_SYSTEM = "apple-generic";
				VERSION_INFO_PREFIX = "";
			};
			name = Debug;
		};
		1E8C8B432D740BE000493E8C /* Release */ = {
			isa = XCBuildConfiguration;
			buildSettings = {
				BUILD_LIBRARY_FOR_DISTRIBUTION = YES;
				CODE_SIGN_STYLE = Manual;
				CURRENT_PROJECT_VERSION = 1;
				DEFINES_MODULE = YES;
				DEVELOPMENT_TEAM = "";
				DYLIB_COMPATIBILITY_VERSION = 1;
				DYLIB_CURRENT_VERSION = 1;
				DYLIB_INSTALL_NAME_BASE = "@rpath";
				ENABLE_MODULE_VERIFIER = YES;
				GENERATE_INFOPLIST_FILE = YES;
				INFOPLIST_KEY_NSHumanReadableCopyright = "";
				INSTALL_PATH = "$(LOCAL_LIBRARY_DIR)/Frameworks";
				IPHONEOS_DEPLOYMENT_TARGET = 18.2;
				LD_RUNPATH_SEARCH_PATHS = (
					"$(inherited)",
					"@executable_path/Frameworks",
					"@loader_path/Frameworks",
				);
				MACH_O_TYPE = staticlib;
				MARKETING_VERSION = 1.0;
				MODULE_VERIFIER_SUPPORTED_LANGUAGES = "objective-c objective-c++";
				MODULE_VERIFIER_SUPPORTED_LANGUAGE_STANDARDS = "gnu17 gnu++20";
				PRODUCT_BUNDLE_IDENTIFIER = abiu.ramirezroldan.NetworkingServiceManager;
				PRODUCT_NAME = "$(TARGET_NAME:c99extidentifier)";
				PROVISIONING_PROFILE_SPECIFIER = "";
				SKIP_INSTALL = YES;
				SWIFT_EMIT_LOC_STRINGS = YES;
				SWIFT_INSTALL_OBJC_HEADER = NO;
				SWIFT_VERSION = 5.0;
				TARGETED_DEVICE_FAMILY = "1,2";
				VERSIONING_SYSTEM = "apple-generic";
				VERSION_INFO_PREFIX = "";
			};
			name = Release;
		};
		1E8C8B462D740BE000493E8C /* Debug */ = {
			isa = XCBuildConfiguration;
			buildSettings = {
				CODE_SIGN_STYLE = Automatic;
				CURRENT_PROJECT_VERSION = 1;
				DEVELOPMENT_TEAM = V8BU2R2AU8;
				GENERATE_INFOPLIST_FILE = YES;
				IPHONEOS_DEPLOYMENT_TARGET = 18.2;
				MARKETING_VERSION = 1.0;
				PRODUCT_BUNDLE_IDENTIFIER = abiu.ramirezroldan.NetworkingServiceManagerTests;
				PRODUCT_NAME = "$(TARGET_NAME)";
				SWIFT_EMIT_LOC_STRINGS = NO;
				SWIFT_VERSION = 5.0;
				TARGETED_DEVICE_FAMILY = "1,2";
				TEST_HOST = "$(BUILT_PRODUCTS_DIR)/NetworkingLayer.app/$(BUNDLE_EXECUTABLE_FOLDER_PATH)/NetworkingLayer";
			};
			name = Debug;
		};
		1E8C8B472D740BE000493E8C /* Release */ = {
			isa = XCBuildConfiguration;
			buildSettings = {
				CODE_SIGN_STYLE = Automatic;
				CURRENT_PROJECT_VERSION = 1;
				DEVELOPMENT_TEAM = V8BU2R2AU8;
				GENERATE_INFOPLIST_FILE = YES;
				IPHONEOS_DEPLOYMENT_TARGET = 18.2;
				MARKETING_VERSION = 1.0;
				PRODUCT_BUNDLE_IDENTIFIER = abiu.ramirezroldan.NetworkingServiceManagerTests;
				PRODUCT_NAME = "$(TARGET_NAME)";
				SWIFT_EMIT_LOC_STRINGS = NO;
				SWIFT_VERSION = 5.0;
				TARGETED_DEVICE_FAMILY = "1,2";
				TEST_HOST = "$(BUILT_PRODUCTS_DIR)/NetworkingLayer.app/$(BUNDLE_EXECUTABLE_FOLDER_PATH)/NetworkingLayer";
			};
			name = Release;
		};
		2971A4232D696DE5006D1844 /* Debug */ = {
			isa = XCBuildConfiguration;
			buildSettings = {
				ALWAYS_SEARCH_USER_PATHS = NO;
				ASSETCATALOG_COMPILER_GENERATE_SWIFT_ASSET_SYMBOL_EXTENSIONS = YES;
				CLANG_ANALYZER_NONNULL = YES;
				CLANG_ANALYZER_NUMBER_OBJECT_CONVERSION = YES_AGGRESSIVE;
				CLANG_CXX_LANGUAGE_STANDARD = "gnu++20";
				CLANG_ENABLE_MODULES = YES;
				CLANG_ENABLE_OBJC_ARC = YES;
				CLANG_ENABLE_OBJC_WEAK = YES;
				CLANG_WARN_BLOCK_CAPTURE_AUTORELEASING = YES;
				CLANG_WARN_BOOL_CONVERSION = YES;
				CLANG_WARN_COMMA = YES;
				CLANG_WARN_CONSTANT_CONVERSION = YES;
				CLANG_WARN_DEPRECATED_OBJC_IMPLEMENTATIONS = YES;
				CLANG_WARN_DIRECT_OBJC_ISA_USAGE = YES_ERROR;
				CLANG_WARN_DOCUMENTATION_COMMENTS = YES;
				CLANG_WARN_EMPTY_BODY = YES;
				CLANG_WARN_ENUM_CONVERSION = YES;
				CLANG_WARN_INFINITE_RECURSION = YES;
				CLANG_WARN_INT_CONVERSION = YES;
				CLANG_WARN_NON_LITERAL_NULL_CONVERSION = YES;
				CLANG_WARN_OBJC_IMPLICIT_RETAIN_SELF = YES;
				CLANG_WARN_OBJC_LITERAL_CONVERSION = YES;
				CLANG_WARN_OBJC_ROOT_CLASS = YES_ERROR;
				CLANG_WARN_QUOTED_INCLUDE_IN_FRAMEWORK_HEADER = YES;
				CLANG_WARN_RANGE_LOOP_ANALYSIS = YES;
				CLANG_WARN_STRICT_PROTOTYPES = YES;
				CLANG_WARN_SUSPICIOUS_MOVE = YES;
				CLANG_WARN_UNGUARDED_AVAILABILITY = YES_AGGRESSIVE;
				CLANG_WARN_UNREACHABLE_CODE = YES;
				CLANG_WARN__DUPLICATE_METHOD_MATCH = YES;
				COPY_PHASE_STRIP = NO;
				DEBUG_INFORMATION_FORMAT = dwarf;
				ENABLE_STRICT_OBJC_MSGSEND = YES;
				ENABLE_TESTABILITY = YES;
				ENABLE_USER_SCRIPT_SANDBOXING = YES;
				GCC_C_LANGUAGE_STANDARD = gnu17;
				GCC_DYNAMIC_NO_PIC = NO;
				GCC_NO_COMMON_BLOCKS = YES;
				GCC_OPTIMIZATION_LEVEL = 0;
				GCC_PREPROCESSOR_DEFINITIONS = (
					"DEBUG=1",
					"$(inherited)",
				);
				GCC_WARN_64_TO_32_BIT_CONVERSION = YES;
				GCC_WARN_ABOUT_RETURN_TYPE = YES_ERROR;
				GCC_WARN_UNDECLARED_SELECTOR = YES;
				GCC_WARN_UNINITIALIZED_AUTOS = YES_AGGRESSIVE;
				GCC_WARN_UNUSED_FUNCTION = YES;
				GCC_WARN_UNUSED_VARIABLE = YES;
				IPHONEOS_DEPLOYMENT_TARGET = 17.2;
				LOCALIZATION_PREFERS_STRING_CATALOGS = YES;
				MTL_ENABLE_DEBUG_INFO = INCLUDE_SOURCE;
				MTL_FAST_MATH = YES;
				ONLY_ACTIVE_ARCH = YES;
				SDKROOT = iphoneos;
				SWIFT_ACTIVE_COMPILATION_CONDITIONS = "DEBUG $(inherited)";
				SWIFT_OPTIMIZATION_LEVEL = "-Onone";
			};
			name = Debug;
		};
		2971A4242D696DE5006D1844 /* Release */ = {
			isa = XCBuildConfiguration;
			buildSettings = {
				ALWAYS_SEARCH_USER_PATHS = NO;
				ASSETCATALOG_COMPILER_GENERATE_SWIFT_ASSET_SYMBOL_EXTENSIONS = YES;
				CLANG_ANALYZER_NONNULL = YES;
				CLANG_ANALYZER_NUMBER_OBJECT_CONVERSION = YES_AGGRESSIVE;
				CLANG_CXX_LANGUAGE_STANDARD = "gnu++20";
				CLANG_ENABLE_MODULES = YES;
				CLANG_ENABLE_OBJC_ARC = YES;
				CLANG_ENABLE_OBJC_WEAK = YES;
				CLANG_WARN_BLOCK_CAPTURE_AUTORELEASING = YES;
				CLANG_WARN_BOOL_CONVERSION = YES;
				CLANG_WARN_COMMA = YES;
				CLANG_WARN_CONSTANT_CONVERSION = YES;
				CLANG_WARN_DEPRECATED_OBJC_IMPLEMENTATIONS = YES;
				CLANG_WARN_DIRECT_OBJC_ISA_USAGE = YES_ERROR;
				CLANG_WARN_DOCUMENTATION_COMMENTS = YES;
				CLANG_WARN_EMPTY_BODY = YES;
				CLANG_WARN_ENUM_CONVERSION = YES;
				CLANG_WARN_INFINITE_RECURSION = YES;
				CLANG_WARN_INT_CONVERSION = YES;
				CLANG_WARN_NON_LITERAL_NULL_CONVERSION = YES;
				CLANG_WARN_OBJC_IMPLICIT_RETAIN_SELF = YES;
				CLANG_WARN_OBJC_LITERAL_CONVERSION = YES;
				CLANG_WARN_OBJC_ROOT_CLASS = YES_ERROR;
				CLANG_WARN_QUOTED_INCLUDE_IN_FRAMEWORK_HEADER = YES;
				CLANG_WARN_RANGE_LOOP_ANALYSIS = YES;
				CLANG_WARN_STRICT_PROTOTYPES = YES;
				CLANG_WARN_SUSPICIOUS_MOVE = YES;
				CLANG_WARN_UNGUARDED_AVAILABILITY = YES_AGGRESSIVE;
				CLANG_WARN_UNREACHABLE_CODE = YES;
				CLANG_WARN__DUPLICATE_METHOD_MATCH = YES;
				COPY_PHASE_STRIP = NO;
				DEBUG_INFORMATION_FORMAT = "dwarf-with-dsym";
				ENABLE_NS_ASSERTIONS = NO;
				ENABLE_STRICT_OBJC_MSGSEND = YES;
				ENABLE_USER_SCRIPT_SANDBOXING = YES;
				GCC_C_LANGUAGE_STANDARD = gnu17;
				GCC_NO_COMMON_BLOCKS = YES;
				GCC_WARN_64_TO_32_BIT_CONVERSION = YES;
				GCC_WARN_ABOUT_RETURN_TYPE = YES_ERROR;
				GCC_WARN_UNDECLARED_SELECTOR = YES;
				GCC_WARN_UNINITIALIZED_AUTOS = YES_AGGRESSIVE;
				GCC_WARN_UNUSED_FUNCTION = YES;
				GCC_WARN_UNUSED_VARIABLE = YES;
				IPHONEOS_DEPLOYMENT_TARGET = 17.2;
				LOCALIZATION_PREFERS_STRING_CATALOGS = YES;
				MTL_ENABLE_DEBUG_INFO = NO;
				MTL_FAST_MATH = YES;
				SDKROOT = iphoneos;
				SWIFT_COMPILATION_MODE = wholemodule;
				VALIDATE_PRODUCT = YES;
			};
			name = Release;
		};
		2971A4262D696DE5006D1844 /* Debug */ = {
			isa = XCBuildConfiguration;
			buildSettings = {
				ASSETCATALOG_COMPILER_APPICON_NAME = AppIcon;
				ASSETCATALOG_COMPILER_GLOBAL_ACCENT_COLOR_NAME = AccentColor;
				CODE_SIGN_STYLE = Automatic;
				CURRENT_PROJECT_VERSION = 1;
				DEVELOPMENT_TEAM = 54B4Q6RGVU;
				GENERATE_INFOPLIST_FILE = YES;
				INFOPLIST_FILE = NetworkingLayer/Info.plist;
				INFOPLIST_KEY_UIApplicationSupportsIndirectInputEvents = YES;
				INFOPLIST_KEY_UILaunchStoryboardName = LaunchScreen;
				INFOPLIST_KEY_UIMainStoryboardFile = Main;
				INFOPLIST_KEY_UISupportedInterfaceOrientations_iPad = "UIInterfaceOrientationPortrait UIInterfaceOrientationPortraitUpsideDown UIInterfaceOrientationLandscapeLeft UIInterfaceOrientationLandscapeRight";
				INFOPLIST_KEY_UISupportedInterfaceOrientations_iPhone = "UIInterfaceOrientationPortrait UIInterfaceOrientationLandscapeLeft UIInterfaceOrientationLandscapeRight";
				LD_RUNPATH_SEARCH_PATHS = (
					"$(inherited)",
					"@executable_path/Frameworks",
				);
				MARKETING_VERSION = 1.0;
				PRODUCT_BUNDLE_IDENTIFIER = abiu.ramirezroldan.NetworkingLayer;
				PRODUCT_NAME = "$(TARGET_NAME)";
				SWIFT_EMIT_LOC_STRINGS = YES;
				SWIFT_OBJC_BRIDGING_HEADER = CustomFrameworks/NetworkingServiceManager/NetworkingServiceManager.h;
				SWIFT_VERSION = 5.0;
				TARGETED_DEVICE_FAMILY = "1,2";
			};
			name = Debug;
		};
		2971A4272D696DE5006D1844 /* Release */ = {
			isa = XCBuildConfiguration;
			buildSettings = {
				ASSETCATALOG_COMPILER_APPICON_NAME = AppIcon;
				ASSETCATALOG_COMPILER_GLOBAL_ACCENT_COLOR_NAME = AccentColor;
				CODE_SIGN_STYLE = Automatic;
				CURRENT_PROJECT_VERSION = 1;
				DEVELOPMENT_TEAM = 54B4Q6RGVU;
				GENERATE_INFOPLIST_FILE = YES;
				INFOPLIST_FILE = NetworkingLayer/Info.plist;
				INFOPLIST_KEY_UIApplicationSupportsIndirectInputEvents = YES;
				INFOPLIST_KEY_UILaunchStoryboardName = LaunchScreen;
				INFOPLIST_KEY_UIMainStoryboardFile = Main;
				INFOPLIST_KEY_UISupportedInterfaceOrientations_iPad = "UIInterfaceOrientationPortrait UIInterfaceOrientationPortraitUpsideDown UIInterfaceOrientationLandscapeLeft UIInterfaceOrientationLandscapeRight";
				INFOPLIST_KEY_UISupportedInterfaceOrientations_iPhone = "UIInterfaceOrientationPortrait UIInterfaceOrientationLandscapeLeft UIInterfaceOrientationLandscapeRight";
				LD_RUNPATH_SEARCH_PATHS = (
					"$(inherited)",
					"@executable_path/Frameworks",
				);
				MARKETING_VERSION = 1.0;
				PRODUCT_BUNDLE_IDENTIFIER = abiu.ramirezroldan.NetworkingLayer;
				PRODUCT_NAME = "$(TARGET_NAME)";
				SWIFT_EMIT_LOC_STRINGS = YES;
				SWIFT_OBJC_BRIDGING_HEADER = CustomFrameworks/NetworkingServiceManager/NetworkingServiceManager.h;
				SWIFT_VERSION = 5.0;
				TARGETED_DEVICE_FAMILY = "1,2";
			};
			name = Release;
		};
		2971A4292D696DE5006D1844 /* Debug */ = {
			isa = XCBuildConfiguration;
			buildSettings = {
				ALWAYS_EMBED_SWIFT_STANDARD_LIBRARIES = YES;
				BUNDLE_LOADER = "$(TEST_HOST)";
				CODE_SIGN_STYLE = Automatic;
				CURRENT_PROJECT_VERSION = 1;
				DEVELOPMENT_TEAM = 54B4Q6RGVU;
				GENERATE_INFOPLIST_FILE = YES;
				IPHONEOS_DEPLOYMENT_TARGET = 17.2;
				MARKETING_VERSION = 1.0;
				PRODUCT_BUNDLE_IDENTIFIER = abiu.ramirezroldan.NetworkingLayerTests;
				PRODUCT_NAME = "$(TARGET_NAME)";
				SWIFT_EMIT_LOC_STRINGS = NO;
				SWIFT_VERSION = 5.0;
				TARGETED_DEVICE_FAMILY = "1,2";
				TEST_HOST = "$(BUILT_PRODUCTS_DIR)/NetworkingLayer.app/$(BUNDLE_EXECUTABLE_FOLDER_PATH)/NetworkingLayer";
			};
			name = Debug;
		};
		2971A42A2D696DE5006D1844 /* Release */ = {
			isa = XCBuildConfiguration;
			buildSettings = {
				ALWAYS_EMBED_SWIFT_STANDARD_LIBRARIES = YES;
				BUNDLE_LOADER = "$(TEST_HOST)";
				CODE_SIGN_STYLE = Automatic;
				CURRENT_PROJECT_VERSION = 1;
				DEVELOPMENT_TEAM = 54B4Q6RGVU;
				GENERATE_INFOPLIST_FILE = YES;
				IPHONEOS_DEPLOYMENT_TARGET = 17.2;
				MARKETING_VERSION = 1.0;
				PRODUCT_BUNDLE_IDENTIFIER = abiu.ramirezroldan.NetworkingLayerTests;
				PRODUCT_NAME = "$(TARGET_NAME)";
				SWIFT_EMIT_LOC_STRINGS = NO;
				SWIFT_VERSION = 5.0;
				TARGETED_DEVICE_FAMILY = "1,2";
				TEST_HOST = "$(BUILT_PRODUCTS_DIR)/NetworkingLayer.app/$(BUNDLE_EXECUTABLE_FOLDER_PATH)/NetworkingLayer";
			};
			name = Release;
		};
		2971A42C2D696DE5006D1844 /* Debug */ = {
			isa = XCBuildConfiguration;
			buildSettings = {
				ALWAYS_EMBED_SWIFT_STANDARD_LIBRARIES = YES;
				CODE_SIGN_STYLE = Automatic;
				CURRENT_PROJECT_VERSION = 1;
				DEVELOPMENT_TEAM = 54B4Q6RGVU;
				GENERATE_INFOPLIST_FILE = YES;
				MARKETING_VERSION = 1.0;
				PRODUCT_BUNDLE_IDENTIFIER = abiu.ramirezroldan.NetworkingLayerUITests;
				PRODUCT_NAME = "$(TARGET_NAME)";
				SWIFT_EMIT_LOC_STRINGS = NO;
				SWIFT_VERSION = 5.0;
				TARGETED_DEVICE_FAMILY = "1,2";
				TEST_TARGET_NAME = NetworkingLayer;
			};
			name = Debug;
		};
		2971A42D2D696DE5006D1844 /* Release */ = {
			isa = XCBuildConfiguration;
			buildSettings = {
				ALWAYS_EMBED_SWIFT_STANDARD_LIBRARIES = YES;
				CODE_SIGN_STYLE = Automatic;
				CURRENT_PROJECT_VERSION = 1;
				DEVELOPMENT_TEAM = 54B4Q6RGVU;
				GENERATE_INFOPLIST_FILE = YES;
				MARKETING_VERSION = 1.0;
				PRODUCT_BUNDLE_IDENTIFIER = abiu.ramirezroldan.NetworkingLayerUITests;
				PRODUCT_NAME = "$(TARGET_NAME)";
				SWIFT_EMIT_LOC_STRINGS = NO;
				SWIFT_VERSION = 5.0;
				TARGETED_DEVICE_FAMILY = "1,2";
				TEST_TARGET_NAME = NetworkingLayer;
			};
			name = Release;
		};
/* End XCBuildConfiguration section */

/* Begin XCConfigurationList section */
		1E8C8B412D740BE000493E8C /* Build configuration list for PBXNativeTarget "NetworkingServiceManager" */ = {
			isa = XCConfigurationList;
			buildConfigurations = (
				1E8C8B422D740BE000493E8C /* Debug */,
				1E8C8B432D740BE000493E8C /* Release */,
			);
			defaultConfigurationIsVisible = 0;
			defaultConfigurationName = Release;
		};
		1E8C8B452D740BE000493E8C /* Build configuration list for PBXNativeTarget "NetworkingServiceManagerTests" */ = {
			isa = XCConfigurationList;
			buildConfigurations = (
				1E8C8B462D740BE000493E8C /* Debug */,
				1E8C8B472D740BE000493E8C /* Release */,
			);
			defaultConfigurationIsVisible = 0;
			defaultConfigurationName = Release;
		};
		2971A3F62D696DE3006D1844 /* Build configuration list for PBXProject "NetworkingLayer" */ = {
			isa = XCConfigurationList;
			buildConfigurations = (
				2971A4232D696DE5006D1844 /* Debug */,
				2971A4242D696DE5006D1844 /* Release */,
			);
			defaultConfigurationIsVisible = 0;
			defaultConfigurationName = Release;
		};
		2971A4252D696DE5006D1844 /* Build configuration list for PBXNativeTarget "NetworkingLayer" */ = {
			isa = XCConfigurationList;
			buildConfigurations = (
				2971A4262D696DE5006D1844 /* Debug */,
				2971A4272D696DE5006D1844 /* Release */,
			);
			defaultConfigurationIsVisible = 0;
			defaultConfigurationName = Release;
		};
		2971A4282D696DE5006D1844 /* Build configuration list for PBXNativeTarget "NetworkingLayerTests" */ = {
			isa = XCConfigurationList;
			buildConfigurations = (
				2971A4292D696DE5006D1844 /* Debug */,
				2971A42A2D696DE5006D1844 /* Release */,
			);
			defaultConfigurationIsVisible = 0;
			defaultConfigurationName = Release;
		};
		2971A42B2D696DE5006D1844 /* Build configuration list for PBXNativeTarget "NetworkingLayerUITests" */ = {
			isa = XCConfigurationList;
			buildConfigurations = (
				2971A42C2D696DE5006D1844 /* Debug */,
				2971A42D2D696DE5006D1844 /* Release */,
			);
			defaultConfigurationIsVisible = 0;
			defaultConfigurationName = Release;
		};
/* End XCConfigurationList section */
	};
	rootObject = 2971A3F32D696DE3006D1844 /* Project object */;
}
