// !$*UTF8*$!
{
	archiveVersion = 1;
	classes = {
	};
	objectVersion = 70;
	objects = {

/* Begin PBXBuildFile section */
		1E2E4EE92D6AA0F900A583A3 /* RestAPI.framework in Frameworks */ = {isa = PBXBuildFile; fileRef = 1E2E4EE12D6AA0F900A583A3 /* RestAPI.framework */; };
		1E2E4EF42D6AA0F900A583A3 /* RestAPI.framework in Frameworks */ = {isa = PBXBuildFile; fileRef = 1E2E4EE12D6AA0F900A583A3 /* RestAPI.framework */; };
		1E2E4EF52D6AA0F900A583A3 /* RestAPI.framework in Embed Frameworks */ = {isa = PBXBuildFile; fileRef = 1E2E4EE12D6AA0F900A583A3 /* RestAPI.framework */; settings = {ATTRIBUTES = (CodeSignOnCopy, RemoveHeadersOnCopy, ); }; };
		1EC0D3A22D6C1251009E65DF /* Injected.swift in Sources */ = {isa = PBXBuildFile; fileRef = 1EC0D3A12D6C1250009E65DF /* Injected.swift */; };
		1EC0D3A52D6C12EE009E65DF /* InjectionKeys.swift in Sources */ = {isa = PBXBuildFile; fileRef = 1EC0D3A42D6C12EC009E65DF /* InjectionKeys.swift */; };
		1EC0D3A72D6C1308009E65DF /* InjectedValues+extension.swift in Sources */ = {isa = PBXBuildFile; fileRef = 1EC0D3A62D6C1306009E65DF /* InjectedValues+extension.swift */; };
		1EEF87962D6EFE9100E27827 /* UIView+extensions.swift in Sources */ = {isa = PBXBuildFile; fileRef = 1EEF87952D6EFE8E00E27827 /* UIView+extensions.swift */; };
		1EEF87982D6EFEA900E27827 /* UIStackView+extensions.swift in Sources */ = {isa = PBXBuildFile; fileRef = 1EEF87972D6EFEA800E27827 /* UIStackView+extensions.swift */; };
		1EEF879A2D6F0B6000E27827 /* Main.storyboard in Resources */ = {isa = PBXBuildFile; fileRef = 1EEF87992D6F0B6000E27827 /* Main.storyboard */; };
		2971A3FF2D696DE3006D1844 /* AppDelegate.swift in Sources */ = {isa = PBXBuildFile; fileRef = 2971A3FE2D696DE3006D1844 /* AppDelegate.swift */; };
		2971A4012D696DE3006D1844 /* SceneDelegate.swift in Sources */ = {isa = PBXBuildFile; fileRef = 2971A4002D696DE3006D1844 /* SceneDelegate.swift */; };
		2971A4082D696DE5006D1844 /* Assets.xcassets in Resources */ = {isa = PBXBuildFile; fileRef = 2971A4072D696DE5006D1844 /* Assets.xcassets */; };
		2971A40B2D696DE5006D1844 /* LaunchScreen.storyboard in Resources */ = {isa = PBXBuildFile; fileRef = 2971A4092D696DE5006D1844 /* LaunchScreen.storyboard */; };
		2971A4162D696DE5006D1844 /* NetworkingLayerTests.swift in Sources */ = {isa = PBXBuildFile; fileRef = 2971A4152D696DE5006D1844 /* NetworkingLayerTests.swift */; };
		2971A4202D696DE5006D1844 /* NetworkingLayerUITests.swift in Sources */ = {isa = PBXBuildFile; fileRef = 2971A41F2D696DE5006D1844 /* NetworkingLayerUITests.swift */; };
		2971A4222D696DE5006D1844 /* NetworkingLayerUITestsLaunchTests.swift in Sources */ = {isa = PBXBuildFile; fileRef = 2971A4212D696DE5006D1844 /* NetworkingLayerUITestsLaunchTests.swift */; };
		29FBE6532D6976FA00630555 /* NiblessView.swift in Sources */ = {isa = PBXBuildFile; fileRef = 29FBE6522D6976FA00630555 /* NiblessView.swift */; };
		29FBE6552D69771500630555 /* NiblessViewController.swift in Sources */ = {isa = PBXBuildFile; fileRef = 29FBE6542D69771500630555 /* NiblessViewController.swift */; };
/* End PBXBuildFile section */

/* Begin PBXContainerItemProxy section */
		1E2E4EEA2D6AA0F900A583A3 /* PBXContainerItemProxy */ = {
			isa = PBXContainerItemProxy;
			containerPortal = 2971A3F32D696DE3006D1844 /* Project object */;
			proxyType = 1;
			remoteGlobalIDString = 1E2E4EE02D6AA0F900A583A3;
			remoteInfo = RestAPI;
		};
		1E2E4EEC2D6AA0F900A583A3 /* PBXContainerItemProxy */ = {
			isa = PBXContainerItemProxy;
			containerPortal = 2971A3F32D696DE3006D1844 /* Project object */;
			proxyType = 1;
			remoteGlobalIDString = 2971A3FA2D696DE3006D1844;
			remoteInfo = NetworkingLayer;
		};
		1E2E4EF22D6AA0F900A583A3 /* PBXContainerItemProxy */ = {
			isa = PBXContainerItemProxy;
			containerPortal = 2971A3F32D696DE3006D1844 /* Project object */;
			proxyType = 1;
			remoteGlobalIDString = 1E2E4EE02D6AA0F900A583A3;
			remoteInfo = RestAPI;
		};
		2971A4122D696DE5006D1844 /* PBXContainerItemProxy */ = {
			isa = PBXContainerItemProxy;
			containerPortal = 2971A3F32D696DE3006D1844 /* Project object */;
			proxyType = 1;
			remoteGlobalIDString = 2971A3FA2D696DE3006D1844;
			remoteInfo = NetworkingLayer;
		};
		2971A41C2D696DE5006D1844 /* PBXContainerItemProxy */ = {
			isa = PBXContainerItemProxy;
			containerPortal = 2971A3F32D696DE3006D1844 /* Project object */;
			proxyType = 1;
			remoteGlobalIDString = 2971A3FA2D696DE3006D1844;
			remoteInfo = NetworkingLayer;
		};
/* End PBXContainerItemProxy section */

/* Begin PBXCopyFilesBuildPhase section */
		1E2E4EF62D6AA0F900A583A3 /* Embed Frameworks */ = {
			isa = PBXCopyFilesBuildPhase;
			buildActionMask = 2147483647;
			dstPath = "";
			dstSubfolderSpec = 10;
			files = (
				1E2E4EF52D6AA0F900A583A3 /* RestAPI.framework in Embed Frameworks */,
			);
			name = "Embed Frameworks";
			runOnlyForDeploymentPostprocessing = 0;
		};
/* End PBXCopyFilesBuildPhase section */

/* Begin PBXFileReference section */
		1E2E4EE12D6AA0F900A583A3 /* RestAPI.framework */ = {isa = PBXFileReference; explicitFileType = wrapper.framework; includeInIndex = 0; path = RestAPI.framework; sourceTree = BUILT_PRODUCTS_DIR; };
		1E2E4EE82D6AA0F900A583A3 /* RestAPITests.xctest */ = {isa = PBXFileReference; explicitFileType = wrapper.cfbundle; includeInIndex = 0; path = RestAPITests.xctest; sourceTree = BUILT_PRODUCTS_DIR; };
		1EC0D3A12D6C1250009E65DF /* Injected.swift */ = {isa = PBXFileReference; lastKnownFileType = sourcecode.swift; path = Injected.swift; sourceTree = "<group>"; };
		1EC0D3A42D6C12EC009E65DF /* InjectionKeys.swift */ = {isa = PBXFileReference; lastKnownFileType = sourcecode.swift; path = InjectionKeys.swift; sourceTree = "<group>"; };
		1EC0D3A62D6C1306009E65DF /* InjectedValues+extension.swift */ = {isa = PBXFileReference; lastKnownFileType = sourcecode.swift; path = "InjectedValues+extension.swift"; sourceTree = "<group>"; };
		1EEF87952D6EFE8E00E27827 /* UIView+extensions.swift */ = {isa = PBXFileReference; lastKnownFileType = sourcecode.swift; path = "UIView+extensions.swift"; sourceTree = "<group>"; };
		1EEF87972D6EFEA800E27827 /* UIStackView+extensions.swift */ = {isa = PBXFileReference; lastKnownFileType = sourcecode.swift; path = "UIStackView+extensions.swift"; sourceTree = "<group>"; };
		1EEF87992D6F0B6000E27827 /* Main.storyboard */ = {isa = PBXFileReference; lastKnownFileType = file.storyboard; path = Main.storyboard; sourceTree = "<group>"; };
		2971A3FB2D696DE3006D1844 /* NetworkingLayer.app */ = {isa = PBXFileReference; explicitFileType = wrapper.application; includeInIndex = 0; path = NetworkingLayer.app; sourceTree = BUILT_PRODUCTS_DIR; };
		2971A3FE2D696DE3006D1844 /* AppDelegate.swift */ = {isa = PBXFileReference; lastKnownFileType = sourcecode.swift; path = AppDelegate.swift; sourceTree = "<group>"; };
		2971A4002D696DE3006D1844 /* SceneDelegate.swift */ = {isa = PBXFileReference; lastKnownFileType = sourcecode.swift; path = SceneDelegate.swift; sourceTree = "<group>"; };
		2971A4072D696DE5006D1844 /* Assets.xcassets */ = {isa = PBXFileReference; lastKnownFileType = folder.assetcatalog; path = Assets.xcassets; sourceTree = "<group>"; };
		2971A40A2D696DE5006D1844 /* Base */ = {isa = PBXFileReference; lastKnownFileType = file.storyboard; name = Base; path = Base.lproj/LaunchScreen.storyboard; sourceTree = "<group>"; };
		2971A40C2D696DE5006D1844 /* Info.plist */ = {isa = PBXFileReference; lastKnownFileType = text.plist.xml; path = Info.plist; sourceTree = "<group>"; };
		2971A4112D696DE5006D1844 /* NetworkingLayerTests.xctest */ = {isa = PBXFileReference; explicitFileType = wrapper.cfbundle; includeInIndex = 0; path = NetworkingLayerTests.xctest; sourceTree = BUILT_PRODUCTS_DIR; };
		2971A4152D696DE5006D1844 /* NetworkingLayerTests.swift */ = {isa = PBXFileReference; lastKnownFileType = sourcecode.swift; path = NetworkingLayerTests.swift; sourceTree = "<group>"; };
		2971A41B2D696DE5006D1844 /* NetworkingLayerUITests.xctest */ = {isa = PBXFileReference; explicitFileType = wrapper.cfbundle; includeInIndex = 0; path = NetworkingLayerUITests.xctest; sourceTree = BUILT_PRODUCTS_DIR; };
		2971A41F2D696DE5006D1844 /* NetworkingLayerUITests.swift */ = {isa = PBXFileReference; lastKnownFileType = sourcecode.swift; path = NetworkingLayerUITests.swift; sourceTree = "<group>"; };
		2971A4212D696DE5006D1844 /* NetworkingLayerUITestsLaunchTests.swift */ = {isa = PBXFileReference; lastKnownFileType = sourcecode.swift; path = NetworkingLayerUITestsLaunchTests.swift; sourceTree = "<group>"; };
		29FBE6522D6976FA00630555 /* NiblessView.swift */ = {isa = PBXFileReference; lastKnownFileType = sourcecode.swift; path = NiblessView.swift; sourceTree = "<group>"; };
		29FBE6542D69771500630555 /* NiblessViewController.swift */ = {isa = PBXFileReference; lastKnownFileType = sourcecode.swift; path = NiblessViewController.swift; sourceTree = "<group>"; };
/* End PBXFileReference section */

/* Begin PBXFileSystemSynchronizedBuildFileExceptionSet section */
		1E2E4EFB2D6AA0F900A583A3 /* PBXFileSystemSynchronizedBuildFileExceptionSet */ = {
			isa = PBXFileSystemSynchronizedBuildFileExceptionSet;
			publicHeaders = (
				RestAPI.h,
			);
			target = 1E2E4EE02D6AA0F900A583A3 /* RestAPI */;
		};
/* End PBXFileSystemSynchronizedBuildFileExceptionSet section */

/* Begin PBXFileSystemSynchronizedRootGroup section */
		1E2E4EE22D6AA0F900A583A3 /* RestAPI */ = {isa = PBXFileSystemSynchronizedRootGroup; exceptions = (1E2E4EFB2D6AA0F900A583A3 /* PBXFileSystemSynchronizedBuildFileExceptionSet */, ); explicitFileTypes = {}; explicitFolders = (); path = RestAPI; sourceTree = "<group>"; };
		1E2E4EEE2D6AA0F900A583A3 /* RestAPITests */ = {isa = PBXFileSystemSynchronizedRootGroup; explicitFileTypes = {}; explicitFolders = (); path = RestAPITests; sourceTree = "<group>"; };
		1E4B5BFE2D7031E200E869EC /* Extensions */ = {isa = PBXFileSystemSynchronizedRootGroup; explicitFileTypes = {}; explicitFolders = (); path = Extensions; sourceTree = "<group>"; };
		1E50F7492D6FECE900E333BF /* Model */ = {isa = PBXFileSystemSynchronizedRootGroup; explicitFileTypes = {}; explicitFolders = (); path = Model; sourceTree = "<group>"; };
		1EA57E9F2D713DC3002F7D0C /* Coordinator */ = {isa = PBXFileSystemSynchronizedRootGroup; explicitFileTypes = {}; explicitFolders = (); path = Coordinator; sourceTree = "<group>"; };
		1EEF878B2D6EFD2400E27827 /* Views */ = {isa = PBXFileSystemSynchronizedRootGroup; explicitFileTypes = {}; explicitFolders = (); path = Views; sourceTree = "<group>"; };
		1EEF878C2D6EFD3000E27827 /* Controllers */ = {isa = PBXFileSystemSynchronizedRootGroup; explicitFileTypes = {}; explicitFolders = (); path = Controllers; sourceTree = "<group>"; };
		1EEF878E2D6EFE2000E27827 /* VIewModels */ = {isa = PBXFileSystemSynchronizedRootGroup; explicitFileTypes = {}; explicitFolders = (); path = VIewModels; sourceTree = "<group>"; };
/* End PBXFileSystemSynchronizedRootGroup section */

/* Begin PBXFrameworksBuildPhase section */
		1E2E4EDE2D6AA0F900A583A3 /* Frameworks */ = {
			isa = PBXFrameworksBuildPhase;
			buildActionMask = 2147483647;
			files = (
			);
			runOnlyForDeploymentPostprocessing = 0;
		};
		1E2E4EE52D6AA0F900A583A3 /* Frameworks */ = {
			isa = PBXFrameworksBuildPhase;
			buildActionMask = 2147483647;
			files = (
				1E2E4EE92D6AA0F900A583A3 /* RestAPI.framework in Frameworks */,
			);
			runOnlyForDeploymentPostprocessing = 0;
		};
		2971A3F82D696DE3006D1844 /* Frameworks */ = {
			isa = PBXFrameworksBuildPhase;
			buildActionMask = 2147483647;
			files = (
				1E2E4EF42D6AA0F900A583A3 /* RestAPI.framework in Frameworks */,
			);
			runOnlyForDeploymentPostprocessing = 0;
		};
		2971A40E2D696DE5006D1844 /* Frameworks */ = {
			isa = PBXFrameworksBuildPhase;
			buildActionMask = 2147483647;
			files = (
			);
			runOnlyForDeploymentPostprocessing = 0;
		};
		2971A4182D696DE5006D1844 /* Frameworks */ = {
			isa = PBXFrameworksBuildPhase;
			buildActionMask = 2147483647;
			files = (
			);
			runOnlyForDeploymentPostprocessing = 0;
		};
/* End PBXFrameworksBuildPhase section */

/* Begin PBXGroup section */
		1EC0D3A32D6C12CD009E65DF /* DI */ = {
			isa = PBXGroup;
			children = (
				1EC0D3A62D6C1306009E65DF /* InjectedValues+extension.swift */,
				1EC0D3A42D6C12EC009E65DF /* InjectionKeys.swift */,
			);
			path = DI;
			sourceTree = "<group>";
		};
		2971A3F22D696DE3006D1844 = {
			isa = PBXGroup;
			children = (
				2971A3FD2D696DE3006D1844 /* NetworkingLayer */,
				2971A3FC2D696DE3006D1844 /* Products */,
				2971A4142D696DE5006D1844 /* NetworkingLayerTests */,
				2971A41E2D696DE5006D1844 /* NetworkingLayerUITests */,
				1E2E4EE22D6AA0F900A583A3 /* RestAPI */,
				1E2E4EEE2D6AA0F900A583A3 /* RestAPITests */,
			);
			sourceTree = "<group>";
		};
		2971A3FC2D696DE3006D1844 /* Products */ = {
			isa = PBXGroup;
			children = (
				2971A3FB2D696DE3006D1844 /* NetworkingLayer.app */,
				2971A4112D696DE5006D1844 /* NetworkingLayerTests.xctest */,
				2971A41B2D696DE5006D1844 /* NetworkingLayerUITests.xctest */,
				1E2E4EE12D6AA0F900A583A3 /* RestAPI.framework */,
				1E2E4EE82D6AA0F900A583A3 /* RestAPITests.xctest */,
			);
			name = Products;
			sourceTree = "<group>";
		};
		2971A3FD2D696DE3006D1844 /* NetworkingLayer */ = {
			isa = PBXGroup;
			children = (
				1EA57E9F2D713DC3002F7D0C /* Coordinator */,
				1E4B5BFE2D7031E200E869EC /* Extensions */,
				1E50F7492D6FECE900E333BF /* Model */,
				1EEF878E2D6EFE2000E27827 /* VIewModels */,
				1EEF878C2D6EFD3000E27827 /* Controllers */,
				1EEF878B2D6EFD2400E27827 /* Views */,
				1EC0D3A32D6C12CD009E65DF /* DI */,
				1EC0D3A12D6C1250009E65DF /* Injected.swift */,
				29FBE6512D6976D600630555 /* Resources */,
				2971A3FE2D696DE3006D1844 /* AppDelegate.swift */,
				2971A4002D696DE3006D1844 /* SceneDelegate.swift */,
				2971A4072D696DE5006D1844 /* Assets.xcassets */,
				2971A4092D696DE5006D1844 /* LaunchScreen.storyboard */,
				2971A40C2D696DE5006D1844 /* Info.plist */,
				1EEF87992D6F0B6000E27827 /* Main.storyboard */,
			);
			path = NetworkingLayer;
			sourceTree = "<group>";
		};
		2971A4142D696DE5006D1844 /* NetworkingLayerTests */ = {
			isa = PBXGroup;
			children = (
				2971A4152D696DE5006D1844 /* NetworkingLayerTests.swift */,
			);
			path = NetworkingLayerTests;
			sourceTree = "<group>";
		};
		2971A41E2D696DE5006D1844 /* NetworkingLayerUITests */ = {
			isa = PBXGroup;
			children = (
				2971A41F2D696DE5006D1844 /* NetworkingLayerUITests.swift */,
				2971A4212D696DE5006D1844 /* NetworkingLayerUITestsLaunchTests.swift */,
			);
			path = NetworkingLayerUITests;
			sourceTree = "<group>";
		};
		29FBE6512D6976D600630555 /* Resources */ = {
			isa = PBXGroup;
			children = (
				1EEF87972D6EFEA800E27827 /* UIStackView+extensions.swift */,
				1EEF87952D6EFE8E00E27827 /* UIView+extensions.swift */,
				29FBE6522D6976FA00630555 /* NiblessView.swift */,
				29FBE6542D69771500630555 /* NiblessViewController.swift */,
			);
			path = Resources;
			sourceTree = "<group>";
		};
/* End PBXGroup section */

/* Begin PBXHeadersBuildPhase section */
		1E2E4EDC2D6AA0F900A583A3 /* Headers */ = {
			isa = PBXHeadersBuildPhase;
			buildActionMask = 2147483647;
			files = (
			);
			runOnlyForDeploymentPostprocessing = 0;
		};
/* End PBXHeadersBuildPhase section */

/* Begin PBXNativeTarget section */
		1E2E4EE02D6AA0F900A583A3 /* RestAPI */ = {
			isa = PBXNativeTarget;
			buildConfigurationList = 1E2E4EFC2D6AA0F900A583A3 /* Build configuration list for PBXNativeTarget "RestAPI" */;
			buildPhases = (
				1E2E4EDC2D6AA0F900A583A3 /* Headers */,
				1E2E4EDD2D6AA0F900A583A3 /* Sources */,
				1E2E4EDE2D6AA0F900A583A3 /* Frameworks */,
				1E2E4EDF2D6AA0F900A583A3 /* Resources */,
			);
			buildRules = (
			);
			dependencies = (
			);
			fileSystemSynchronizedGroups = (
				1E2E4EE22D6AA0F900A583A3 /* RestAPI */,
			);
			name = RestAPI;
			packageProductDependencies = (
			);
			productName = RestAPI;
			productReference = 1E2E4EE12D6AA0F900A583A3 /* RestAPI.framework */;
			productType = "com.apple.product-type.framework";
		};
		1E2E4EE72D6AA0F900A583A3 /* RestAPITests */ = {
			isa = PBXNativeTarget;
			buildConfigurationList = 1E2E4EFD2D6AA0F900A583A3 /* Build configuration list for PBXNativeTarget "RestAPITests" */;
			buildPhases = (
				1E2E4EE42D6AA0F900A583A3 /* Sources */,
				1E2E4EE52D6AA0F900A583A3 /* Frameworks */,
				1E2E4EE62D6AA0F900A583A3 /* Resources */,
			);
			buildRules = (
			);
			dependencies = (
				1E2E4EEB2D6AA0F900A583A3 /* PBXTargetDependency */,
				1E2E4EED2D6AA0F900A583A3 /* PBXTargetDependency */,
			);
			fileSystemSynchronizedGroups = (
				1E2E4EEE2D6AA0F900A583A3 /* RestAPITests */,
			);
			name = RestAPITests;
			packageProductDependencies = (
			);
			productName = RestAPITests;
			productReference = 1E2E4EE82D6AA0F900A583A3 /* RestAPITests.xctest */;
			productType = "com.apple.product-type.bundle.unit-test";
		};
		2971A3FA2D696DE3006D1844 /* NetworkingLayer */ = {
			isa = PBXNativeTarget;
			buildConfigurationList = 2971A4252D696DE5006D1844 /* Build configuration list for PBXNativeTarget "NetworkingLayer" */;
			buildPhases = (
				2971A3F72D696DE3006D1844 /* Sources */,
				2971A3F82D696DE3006D1844 /* Frameworks */,
				2971A3F92D696DE3006D1844 /* Resources */,
				1E2E4EF62D6AA0F900A583A3 /* Embed Frameworks */,
			);
			buildRules = (
			);
			dependencies = (
				1E2E4EF32D6AA0F900A583A3 /* PBXTargetDependency */,
			);
			fileSystemSynchronizedGroups = (
				1E4B5BFE2D7031E200E869EC /* Extensions */,
				1E50F7492D6FECE900E333BF /* Model */,
				1EA57E9F2D713DC3002F7D0C /* Coordinator */,
				1EEF878B2D6EFD2400E27827 /* Views */,
				1EEF878C2D6EFD3000E27827 /* Controllers */,
				1EEF878E2D6EFE2000E27827 /* VIewModels */,
			);
			name = NetworkingLayer;
			productName = NetworkingLayer;
			productReference = 2971A3FB2D696DE3006D1844 /* NetworkingLayer.app */;
			productType = "com.apple.product-type.application";
		};
		2971A4102D696DE5006D1844 /* NetworkingLayerTests */ = {
			isa = PBXNativeTarget;
			buildConfigurationList = 2971A4282D696DE5006D1844 /* Build configuration list for PBXNativeTarget "NetworkingLayerTests" */;
			buildPhases = (
				2971A40D2D696DE5006D1844 /* Sources */,
				2971A40E2D696DE5006D1844 /* Frameworks */,
				2971A40F2D696DE5006D1844 /* Resources */,
			);
			buildRules = (
			);
			dependencies = (
				2971A4132D696DE5006D1844 /* PBXTargetDependency */,
			);
			name = NetworkingLayerTests;
			productName = NetworkingLayerTests;
			productReference = 2971A4112D696DE5006D1844 /* NetworkingLayerTests.xctest */;
			productType = "com.apple.product-type.bundle.unit-test";
		};
		2971A41A2D696DE5006D1844 /* NetworkingLayerUITests */ = {
			isa = PBXNativeTarget;
			buildConfigurationList = 2971A42B2D696DE5006D1844 /* Build configuration list for PBXNativeTarget "NetworkingLayerUITests" */;
			buildPhases = (
				2971A4172D696DE5006D1844 /* Sources */,
				2971A4182D696DE5006D1844 /* Frameworks */,
				2971A4192D696DE5006D1844 /* Resources */,
			);
			buildRules = (
			);
			dependencies = (
				2971A41D2D696DE5006D1844 /* PBXTargetDependency */,
			);
			name = NetworkingLayerUITests;
			productName = NetworkingLayerUITests;
			productReference = 2971A41B2D696DE5006D1844 /* NetworkingLayerUITests.xctest */;
			productType = "com.apple.product-type.bundle.ui-testing";
		};
/* End PBXNativeTarget section */

/* Begin PBXProject section */
		2971A3F32D696DE3006D1844 /* Project object */ = {
			isa = PBXProject;
			attributes = {
				BuildIndependentTargetsInParallel = 1;
				LastSwiftUpdateCheck = 1620;
				LastUpgradeCheck = 1510;
				TargetAttributes = {
					1E2E4EE02D6AA0F900A583A3 = {
						CreatedOnToolsVersion = 16.2;
						LastSwiftMigration = 1620;
					};
					1E2E4EE72D6AA0F900A583A3 = {
						CreatedOnToolsVersion = 16.2;
						TestTargetID = 2971A3FA2D696DE3006D1844;
					};
					2971A3FA2D696DE3006D1844 = {
						CreatedOnToolsVersion = 15.1;
					};
					2971A4102D696DE5006D1844 = {
						CreatedOnToolsVersion = 15.1;
						TestTargetID = 2971A3FA2D696DE3006D1844;
					};
					2971A41A2D696DE5006D1844 = {
						CreatedOnToolsVersion = 15.1;
						TestTargetID = 2971A3FA2D696DE3006D1844;
					};
				};
			};
			buildConfigurationList = 2971A3F62D696DE3006D1844 /* Build configuration list for PBXProject "NetworkingLayer" */;
			compatibilityVersion = "Xcode 14.0";
			developmentRegion = en;
			hasScannedForEncodings = 0;
			knownRegions = (
				en,
				Base,
			);
			mainGroup = 2971A3F22D696DE3006D1844;
			productRefGroup = 2971A3FC2D696DE3006D1844 /* Products */;
			projectDirPath = "";
			projectRoot = "";
			targets = (
				2971A3FA2D696DE3006D1844 /* NetworkingLayer */,
				2971A4102D696DE5006D1844 /* NetworkingLayerTests */,
				2971A41A2D696DE5006D1844 /* NetworkingLayerUITests */,
				1E2E4EE02D6AA0F900A583A3 /* RestAPI */,
				1E2E4EE72D6AA0F900A583A3 /* RestAPITests */,
			);
		};
/* End PBXProject section */

/* Begin PBXResourcesBuildPhase section */
		1E2E4EDF2D6AA0F900A583A3 /* Resources */ = {
			isa = PBXResourcesBuildPhase;
			buildActionMask = 2147483647;
			files = (
			);
			runOnlyForDeploymentPostprocessing = 0;
		};
		1E2E4EE62D6AA0F900A583A3 /* Resources */ = {
			isa = PBXResourcesBuildPhase;
			buildActionMask = 2147483647;
			files = (
			);
			runOnlyForDeploymentPostprocessing = 0;
		};
		2971A3F92D696DE3006D1844 /* Resources */ = {
			isa = PBXResourcesBuildPhase;
			buildActionMask = 2147483647;
			files = (
				1EEF879A2D6F0B6000E27827 /* Main.storyboard in Resources */,
				2971A40B2D696DE5006D1844 /* LaunchScreen.storyboard in Resources */,
				2971A4082D696DE5006D1844 /* Assets.xcassets in Resources */,
			);
			runOnlyForDeploymentPostprocessing = 0;
		};
		2971A40F2D696DE5006D1844 /* Resources */ = {
			isa = PBXResourcesBuildPhase;
			buildActionMask = 2147483647;
			files = (
			);
			runOnlyForDeploymentPostprocessing = 0;
		};
		2971A4192D696DE5006D1844 /* Resources */ = {
			isa = PBXResourcesBuildPhase;
			buildActionMask = 2147483647;
			files = (
			);
			runOnlyForDeploymentPostprocessing = 0;
		};
/* End PBXResourcesBuildPhase section */

/* Begin PBXSourcesBuildPhase section */
		1E2E4EDD2D6AA0F900A583A3 /* Sources */ = {
			isa = PBXSourcesBuildPhase;
			buildActionMask = 2147483647;
			files = (
			);
			runOnlyForDeploymentPostprocessing = 0;
		};
		1E2E4EE42D6AA0F900A583A3 /* Sources */ = {
			isa = PBXSourcesBuildPhase;
			buildActionMask = 2147483647;
			files = (
			);
			runOnlyForDeploymentPostprocessing = 0;
		};
		2971A3F72D696DE3006D1844 /* Sources */ = {
			isa = PBXSourcesBuildPhase;
			buildActionMask = 2147483647;
			files = (
				1EEF87962D6EFE9100E27827 /* UIView+extensions.swift in Sources */,
				2971A3FF2D696DE3006D1844 /* AppDelegate.swift in Sources */,
				29FBE6552D69771500630555 /* NiblessViewController.swift in Sources */,
				1EC0D3A72D6C1308009E65DF /* InjectedValues+extension.swift in Sources */,
				1EC0D3A22D6C1251009E65DF /* Injected.swift in Sources */,
				2971A4012D696DE3006D1844 /* SceneDelegate.swift in Sources */,
				1EC0D3A52D6C12EE009E65DF /* InjectionKeys.swift in Sources */,
				1EEF87982D6EFEA900E27827 /* UIStackView+extensions.swift in Sources */,
				29FBE6532D6976FA00630555 /* NiblessView.swift in Sources */,
			);
			runOnlyForDeploymentPostprocessing = 0;
		};
		2971A40D2D696DE5006D1844 /* Sources */ = {
			isa = PBXSourcesBuildPhase;
			buildActionMask = 2147483647;
			files = (
				2971A4162D696DE5006D1844 /* NetworkingLayerTests.swift in Sources */,
			);
			runOnlyForDeploymentPostprocessing = 0;
		};
		2971A4172D696DE5006D1844 /* Sources */ = {
			isa = PBXSourcesBuildPhase;
			buildActionMask = 2147483647;
			files = (
				2971A4222D696DE5006D1844 /* NetworkingLayerUITestsLaunchTests.swift in Sources */,
				2971A4202D696DE5006D1844 /* NetworkingLayerUITests.swift in Sources */,
			);
			runOnlyForDeploymentPostprocessing = 0;
		};
/* End PBXSourcesBuildPhase section */

/* Begin PBXTargetDependency section */
		1E2E4EEB2D6AA0F900A583A3 /* PBXTargetDependency */ = {
			isa = PBXTargetDependency;
			target = 1E2E4EE02D6AA0F900A583A3 /* RestAPI */;
			targetProxy = 1E2E4EEA2D6AA0F900A583A3 /* PBXContainerItemProxy */;
		};
		1E2E4EED2D6AA0F900A583A3 /* PBXTargetDependency */ = {
			isa = PBXTargetDependency;
			target = 2971A3FA2D696DE3006D1844 /* NetworkingLayer */;
			targetProxy = 1E2E4EEC2D6AA0F900A583A3 /* PBXContainerItemProxy */;
		};
		1E2E4EF32D6AA0F900A583A3 /* PBXTargetDependency */ = {
			isa = PBXTargetDependency;
			target = 1E2E4EE02D6AA0F900A583A3 /* RestAPI */;
			targetProxy = 1E2E4EF22D6AA0F900A583A3 /* PBXContainerItemProxy */;
		};
		2971A4132D696DE5006D1844 /* PBXTargetDependency */ = {
			isa = PBXTargetDependency;
			target = 2971A3FA2D696DE3006D1844 /* NetworkingLayer */;
			targetProxy = 2971A4122D696DE5006D1844 /* PBXContainerItemProxy */;
		};
		2971A41D2D696DE5006D1844 /* PBXTargetDependency */ = {
			isa = PBXTargetDependency;
			target = 2971A3FA2D696DE3006D1844 /* NetworkingLayer */;
			targetProxy = 2971A41C2D696DE5006D1844 /* PBXContainerItemProxy */;
		};
/* End PBXTargetDependency section */

/* Begin PBXVariantGroup section */
		2971A4092D696DE5006D1844 /* LaunchScreen.storyboard */ = {
			isa = PBXVariantGroup;
			children = (
				2971A40A2D696DE5006D1844 /* Base */,
			);
			name = LaunchScreen.storyboard;
			sourceTree = "<group>";
		};
/* End PBXVariantGroup section */

/* Begin XCBuildConfiguration section */
		1E2E4EF72D6AA0F900A583A3 /* Debug */ = {
			isa = XCBuildConfiguration;
			buildSettings = {
				BUILD_LIBRARY_FOR_DISTRIBUTION = YES;
				CLANG_ENABLE_MODULES = YES;
				CODE_SIGN_IDENTITY = "";
				CODE_SIGN_STYLE = Manual;
				CURRENT_PROJECT_VERSION = 1;
				DEFINES_MODULE = YES;
				DEVELOPMENT_TEAM = "";
				DYLIB_COMPATIBILITY_VERSION = 1;
				DYLIB_CURRENT_VERSION = 1;
				DYLIB_INSTALL_NAME_BASE = "@rpath";
				ENABLE_MODULE_VERIFIER = YES;
				GENERATE_INFOPLIST_FILE = YES;
				INFOPLIST_KEY_NSHumanReadableCopyright = "";
				INSTALL_PATH = "$(LOCAL_LIBRARY_DIR)/Frameworks";
				IPHONEOS_DEPLOYMENT_TARGET = 18.2;
				LD_RUNPATH_SEARCH_PATHS = (
					"$(inherited)",
					"@executable_path/Frameworks",
					"@loader_path/Frameworks",
				);
				MARKETING_VERSION = 1.0;
				MODULE_VERIFIER_SUPPORTED_LANGUAGES = "objective-c objective-c++";
				MODULE_VERIFIER_SUPPORTED_LANGUAGE_STANDARDS = "gnu17 gnu++20";
				PRODUCT_BUNDLE_IDENTIFIER = abiu.ramirezroldan.RestAPI;
				PRODUCT_NAME = "$(TARGET_NAME:c99extidentifier)";
				PROVISIONING_PROFILE_SPECIFIER = "";
				SKIP_INSTALL = NO;
				SWIFT_EMIT_LOC_STRINGS = YES;
				SWIFT_INSTALL_OBJC_HEADER = NO;
				SWIFT_OPTIMIZATION_LEVEL = "-Onone";
				SWIFT_VERSION = 5.0;
				TARGETED_DEVICE_FAMILY = "1,2";
				VERSIONING_SYSTEM = "apple-generic";
				VERSION_INFO_PREFIX = "";
			};
			name = Debug;
		};
		1E2E4EF82D6AA0F900A583A3 /* Release */ = {
			isa = XCBuildConfiguration;
			buildSettings = {
				BUILD_LIBRARY_FOR_DISTRIBUTION = YES;
				CLANG_ENABLE_MODULES = YES;
				CODE_SIGN_IDENTITY = "";
				CODE_SIGN_STYLE = Manual;
				CURRENT_PROJECT_VERSION = 1;
				DEFINES_MODULE = YES;
				DEVELOPMENT_TEAM = "";
				DYLIB_COMPATIBILITY_VERSION = 1;
				DYLIB_CURRENT_VERSION = 1;
				DYLIB_INSTALL_NAME_BASE = "@rpath";
				ENABLE_MODULE_VERIFIER = YES;
				GENERATE_INFOPLIST_FILE = YES;
				INFOPLIST_KEY_NSHumanReadableCopyright = "";
				INSTALL_PATH = "$(LOCAL_LIBRARY_DIR)/Frameworks";
				IPHONEOS_DEPLOYMENT_TARGET = 18.2;
				LD_RUNPATH_SEARCH_PATHS = (
					"$(inherited)",
					"@executable_path/Frameworks",
					"@loader_path/Frameworks",
				);
				MARKETING_VERSION = 1.0;
				MODULE_VERIFIER_SUPPORTED_LANGUAGES = "objective-c objective-c++";
				MODULE_VERIFIER_SUPPORTED_LANGUAGE_STANDARDS = "gnu17 gnu++20";
				PRODUCT_BUNDLE_IDENTIFIER = abiu.ramirezroldan.RestAPI;
				PRODUCT_NAME = "$(TARGET_NAME:c99extidentifier)";
				PROVISIONING_PROFILE_SPECIFIER = "";
				SKIP_INSTALL = NO;
				SWIFT_EMIT_LOC_STRINGS = YES;
				SWIFT_INSTALL_OBJC_HEADER = NO;
				SWIFT_VERSION = 5.0;
				TARGETED_DEVICE_FAMILY = "1,2";
				VERSIONING_SYSTEM = "apple-generic";
				VERSION_INFO_PREFIX = "";
			};
			name = Release;
		};
		1E2E4EF92D6AA0F900A583A3 /* Debug */ = {
			isa = XCBuildConfiguration;
			buildSettings = {
				CODE_SIGN_STYLE = Manual;
				CURRENT_PROJECT_VERSION = 1;
				DEVELOPMENT_TEAM = "";
				GENERATE_INFOPLIST_FILE = YES;
				IPHONEOS_DEPLOYMENT_TARGET = 18.2;
				MARKETING_VERSION = 1.0;
				PRODUCT_BUNDLE_IDENTIFIER = abiu.ramirezroldan.RestAPITests;
				PRODUCT_NAME = "$(TARGET_NAME)";
				PROVISIONING_PROFILE_SPECIFIER = "";
				SWIFT_EMIT_LOC_STRINGS = NO;
				SWIFT_VERSION = 5.0;
				TARGETED_DEVICE_FAMILY = "1,2";
				TEST_HOST = "$(BUILT_PRODUCTS_DIR)/NetworkingLayer.app/$(BUNDLE_EXECUTABLE_FOLDER_PATH)/NetworkingLayer";
			};
			name = Debug;
		};
		1E2E4EFA2D6AA0F900A583A3 /* Release */ = {
			isa = XCBuildConfiguration;
			buildSettings = {
				CODE_SIGN_STYLE = Manual;
				CURRENT_PROJECT_VERSION = 1;
				DEVELOPMENT_TEAM = "";
				GENERATE_INFOPLIST_FILE = YES;
				IPHONEOS_DEPLOYMENT_TARGET = 18.2;
				MARKETING_VERSION = 1.0;
				PRODUCT_BUNDLE_IDENTIFIER = abiu.ramirezroldan.RestAPITests;
				PRODUCT_NAME = "$(TARGET_NAME)";
				PROVISIONING_PROFILE_SPECIFIER = "";
				SWIFT_EMIT_LOC_STRINGS = NO;
				SWIFT_VERSION = 5.0;
				TARGETED_DEVICE_FAMILY = "1,2";
				TEST_HOST = "$(BUILT_PRODUCTS_DIR)/NetworkingLayer.app/$(BUNDLE_EXECUTABLE_FOLDER_PATH)/NetworkingLayer";
			};
			name = Release;
		};
		2971A4232D696DE5006D1844 /* Debug */ = {
			isa = XCBuildConfiguration;
			buildSettings = {
				ALWAYS_SEARCH_USER_PATHS = NO;
				ASSETCATALOG_COMPILER_GENERATE_SWIFT_ASSET_SYMBOL_EXTENSIONS = YES;
				CLANG_ANALYZER_NONNULL = YES;
				CLANG_ANALYZER_NUMBER_OBJECT_CONVERSION = YES_AGGRESSIVE;
				CLANG_CXX_LANGUAGE_STANDARD = "gnu++20";
				CLANG_ENABLE_MODULES = YES;
				CLANG_ENABLE_OBJC_ARC = YES;
				CLANG_ENABLE_OBJC_WEAK = YES;
				CLANG_WARN_BLOCK_CAPTURE_AUTORELEASING = YES;
				CLANG_WARN_BOOL_CONVERSION = YES;
				CLANG_WARN_COMMA = YES;
				CLANG_WARN_CONSTANT_CONVERSION = YES;
				CLANG_WARN_DEPRECATED_OBJC_IMPLEMENTATIONS = YES;
				CLANG_WARN_DIRECT_OBJC_ISA_USAGE = YES_ERROR;
				CLANG_WARN_DOCUMENTATION_COMMENTS = YES;
				CLANG_WARN_EMPTY_BODY = YES;
				CLANG_WARN_ENUM_CONVERSION = YES;
				CLANG_WARN_INFINITE_RECURSION = YES;
				CLANG_WARN_INT_CONVERSION = YES;
				CLANG_WARN_NON_LITERAL_NULL_CONVERSION = YES;
				CLANG_WARN_OBJC_IMPLICIT_RETAIN_SELF = YES;
				CLANG_WARN_OBJC_LITERAL_CONVERSION = YES;
				CLANG_WARN_OBJC_ROOT_CLASS = YES_ERROR;
				CLANG_WARN_QUOTED_INCLUDE_IN_FRAMEWORK_HEADER = YES;
				CLANG_WARN_RANGE_LOOP_ANALYSIS = YES;
				CLANG_WARN_STRICT_PROTOTYPES = YES;
				CLANG_WARN_SUSPICIOUS_MOVE = YES;
				CLANG_WARN_UNGUARDED_AVAILABILITY = YES_AGGRESSIVE;
				CLANG_WARN_UNREACHABLE_CODE = YES;
				CLANG_WARN__DUPLICATE_METHOD_MATCH = YES;
				COPY_PHASE_STRIP = NO;
				DEBUG_INFORMATION_FORMAT = dwarf;
				ENABLE_STRICT_OBJC_MSGSEND = YES;
				ENABLE_TESTABILITY = YES;
				ENABLE_USER_SCRIPT_SANDBOXING = YES;
				GCC_C_LANGUAGE_STANDARD = gnu17;
				GCC_DYNAMIC_NO_PIC = NO;
				GCC_NO_COMMON_BLOCKS = YES;
				GCC_OPTIMIZATION_LEVEL = 0;
				GCC_PREPROCESSOR_DEFINITIONS = (
					"DEBUG=1",
					"$(inherited)",
				);
				GCC_WARN_64_TO_32_BIT_CONVERSION = YES;
				GCC_WARN_ABOUT_RETURN_TYPE = YES_ERROR;
				GCC_WARN_UNDECLARED_SELECTOR = YES;
				GCC_WARN_UNINITIALIZED_AUTOS = YES_AGGRESSIVE;
				GCC_WARN_UNUSED_FUNCTION = YES;
				GCC_WARN_UNUSED_VARIABLE = YES;
				IPHONEOS_DEPLOYMENT_TARGET = 17.2;
				LOCALIZATION_PREFERS_STRING_CATALOGS = YES;
				MTL_ENABLE_DEBUG_INFO = INCLUDE_SOURCE;
				MTL_FAST_MATH = YES;
				ONLY_ACTIVE_ARCH = YES;
				SDKROOT = iphoneos;
				SWIFT_ACTIVE_COMPILATION_CONDITIONS = "DEBUG $(inherited)";
				SWIFT_OPTIMIZATION_LEVEL = "-Onone";
			};
			name = Debug;
		};
		2971A4242D696DE5006D1844 /* Release */ = {
			isa = XCBuildConfiguration;
			buildSettings = {
				ALWAYS_SEARCH_USER_PATHS = NO;
				ASSETCATALOG_COMPILER_GENERATE_SWIFT_ASSET_SYMBOL_EXTENSIONS = YES;
				CLANG_ANALYZER_NONNULL = YES;
				CLANG_ANALYZER_NUMBER_OBJECT_CONVERSION = YES_AGGRESSIVE;
				CLANG_CXX_LANGUAGE_STANDARD = "gnu++20";
				CLANG_ENABLE_MODULES = YES;
				CLANG_ENABLE_OBJC_ARC = YES;
				CLANG_ENABLE_OBJC_WEAK = YES;
				CLANG_WARN_BLOCK_CAPTURE_AUTORELEASING = YES;
				CLANG_WARN_BOOL_CONVERSION = YES;
				CLANG_WARN_COMMA = YES;
				CLANG_WARN_CONSTANT_CONVERSION = YES;
				CLANG_WARN_DEPRECATED_OBJC_IMPLEMENTATIONS = YES;
				CLANG_WARN_DIRECT_OBJC_ISA_USAGE = YES_ERROR;
				CLANG_WARN_DOCUMENTATION_COMMENTS = YES;
				CLANG_WARN_EMPTY_BODY = YES;
				CLANG_WARN_ENUM_CONVERSION = YES;
				CLANG_WARN_INFINITE_RECURSION = YES;
				CLANG_WARN_INT_CONVERSION = YES;
				CLANG_WARN_NON_LITERAL_NULL_CONVERSION = YES;
				CLANG_WARN_OBJC_IMPLICIT_RETAIN_SELF = YES;
				CLANG_WARN_OBJC_LITERAL_CONVERSION = YES;
				CLANG_WARN_OBJC_ROOT_CLASS = YES_ERROR;
				CLANG_WARN_QUOTED_INCLUDE_IN_FRAMEWORK_HEADER = YES;
				CLANG_WARN_RANGE_LOOP_ANALYSIS = YES;
				CLANG_WARN_STRICT_PROTOTYPES = YES;
				CLANG_WARN_SUSPICIOUS_MOVE = YES;
				CLANG_WARN_UNGUARDED_AVAILABILITY = YES_AGGRESSIVE;
				CLANG_WARN_UNREACHABLE_CODE = YES;
				CLANG_WARN__DUPLICATE_METHOD_MATCH = YES;
				COPY_PHASE_STRIP = NO;
				DEBUG_INFORMATION_FORMAT = "dwarf-with-dsym";
				ENABLE_NS_ASSERTIONS = NO;
				ENABLE_STRICT_OBJC_MSGSEND = YES;
				ENABLE_USER_SCRIPT_SANDBOXING = YES;
				GCC_C_LANGUAGE_STANDARD = gnu17;
				GCC_NO_COMMON_BLOCKS = YES;
				GCC_WARN_64_TO_32_BIT_CONVERSION = YES;
				GCC_WARN_ABOUT_RETURN_TYPE = YES_ERROR;
				GCC_WARN_UNDECLARED_SELECTOR = YES;
				GCC_WARN_UNINITIALIZED_AUTOS = YES_AGGRESSIVE;
				GCC_WARN_UNUSED_FUNCTION = YES;
				GCC_WARN_UNUSED_VARIABLE = YES;
				IPHONEOS_DEPLOYMENT_TARGET = 17.2;
				LOCALIZATION_PREFERS_STRING_CATALOGS = YES;
				MTL_ENABLE_DEBUG_INFO = NO;
				MTL_FAST_MATH = YES;
				SDKROOT = iphoneos;
				SWIFT_COMPILATION_MODE = wholemodule;
				VALIDATE_PRODUCT = YES;
			};
			name = Release;
		};
		2971A4262D696DE5006D1844 /* Debug */ = {
			isa = XCBuildConfiguration;
			buildSettings = {
				ASSETCATALOG_COMPILER_APPICON_NAME = AppIcon;
				ASSETCATALOG_COMPILER_GLOBAL_ACCENT_COLOR_NAME = AccentColor;
				CODE_SIGN_STYLE = Automatic;
				CURRENT_PROJECT_VERSION = 1;
				DEVELOPMENT_TEAM = 54B4Q6RGVU;
				GENERATE_INFOPLIST_FILE = YES;
				INFOPLIST_FILE = NetworkingLayer/Info.plist;
				INFOPLIST_KEY_UIApplicationSupportsIndirectInputEvents = YES;
				INFOPLIST_KEY_UILaunchStoryboardName = LaunchScreen;
				INFOPLIST_KEY_UIMainStoryboardFile = Main;
				INFOPLIST_KEY_UISupportedInterfaceOrientations_iPad = "UIInterfaceOrientationPortrait UIInterfaceOrientationPortraitUpsideDown UIInterfaceOrientationLandscapeLeft UIInterfaceOrientationLandscapeRight";
				INFOPLIST_KEY_UISupportedInterfaceOrientations_iPhone = "UIInterfaceOrientationPortrait UIInterfaceOrientationLandscapeLeft UIInterfaceOrientationLandscapeRight";
				LD_RUNPATH_SEARCH_PATHS = (
					"$(inherited)",
					"@executable_path/Frameworks",
				);
				MARKETING_VERSION = 1.0;
				PRODUCT_BUNDLE_IDENTIFIER = abiu.ramirezroldan.NetworkingLayer;
				PRODUCT_NAME = "$(TARGET_NAME)";
				SWIFT_EMIT_LOC_STRINGS = YES;
				SWIFT_VERSION = 5.0;
				TARGETED_DEVICE_FAMILY = "1,2";
			};
			name = Debug;
		};
		2971A4272D696DE5006D1844 /* Release */ = {
			isa = XCBuildConfiguration;
			buildSettings = {
				ASSETCATALOG_COMPILER_APPICON_NAME = AppIcon;
				ASSETCATALOG_COMPILER_GLOBAL_ACCENT_COLOR_NAME = AccentColor;
				CODE_SIGN_STYLE = Automatic;
				CURRENT_PROJECT_VERSION = 1;
				DEVELOPMENT_TEAM = 54B4Q6RGVU;
				GENERATE_INFOPLIST_FILE = YES;
				INFOPLIST_FILE = NetworkingLayer/Info.plist;
				INFOPLIST_KEY_UIApplicationSupportsIndirectInputEvents = YES;
				INFOPLIST_KEY_UILaunchStoryboardName = LaunchScreen;
				INFOPLIST_KEY_UIMainStoryboardFile = Main;
				INFOPLIST_KEY_UISupportedInterfaceOrientations_iPad = "UIInterfaceOrientationPortrait UIInterfaceOrientationPortraitUpsideDown UIInterfaceOrientationLandscapeLeft UIInterfaceOrientationLandscapeRight";
				INFOPLIST_KEY_UISupportedInterfaceOrientations_iPhone = "UIInterfaceOrientationPortrait UIInterfaceOrientationLandscapeLeft UIInterfaceOrientationLandscapeRight";
				LD_RUNPATH_SEARCH_PATHS = (
					"$(inherited)",
					"@executable_path/Frameworks",
				);
				MARKETING_VERSION = 1.0;
				PRODUCT_BUNDLE_IDENTIFIER = abiu.ramirezroldan.NetworkingLayer;
				PRODUCT_NAME = "$(TARGET_NAME)";
				SWIFT_EMIT_LOC_STRINGS = YES;
				SWIFT_VERSION = 5.0;
				TARGETED_DEVICE_FAMILY = "1,2";
			};
			name = Release;
		};
		2971A4292D696DE5006D1844 /* Debug */ = {
			isa = XCBuildConfiguration;
			buildSettings = {
				BUNDLE_LOADER = "$(TEST_HOST)";
				CODE_SIGN_STYLE = Automatic;
				CURRENT_PROJECT_VERSION = 1;
				DEVELOPMENT_TEAM = 54B4Q6RGVU;
				GENERATE_INFOPLIST_FILE = YES;
				IPHONEOS_DEPLOYMENT_TARGET = 17.2;
				MARKETING_VERSION = 1.0;
				PRODUCT_BUNDLE_IDENTIFIER = abiu.ramirezroldan.NetworkingLayerTests;
				PRODUCT_NAME = "$(TARGET_NAME)";
				SWIFT_EMIT_LOC_STRINGS = NO;
				SWIFT_VERSION = 5.0;
				TARGETED_DEVICE_FAMILY = "1,2";
				TEST_HOST = "$(BUILT_PRODUCTS_DIR)/NetworkingLayer.app/$(BUNDLE_EXECUTABLE_FOLDER_PATH)/NetworkingLayer";
			};
			name = Debug;
		};
		2971A42A2D696DE5006D1844 /* Release */ = {
			isa = XCBuildConfiguration;
			buildSettings = {
				BUNDLE_LOADER = "$(TEST_HOST)";
				CODE_SIGN_STYLE = Automatic;
				CURRENT_PROJECT_VERSION = 1;
				DEVELOPMENT_TEAM = 54B4Q6RGVU;
				GENERATE_INFOPLIST_FILE = YES;
				IPHONEOS_DEPLOYMENT_TARGET = 17.2;
				MARKETING_VERSION = 1.0;
				PRODUCT_BUNDLE_IDENTIFIER = abiu.ramirezroldan.NetworkingLayerTests;
				PRODUCT_NAME = "$(TARGET_NAME)";
				SWIFT_EMIT_LOC_STRINGS = NO;
				SWIFT_VERSION = 5.0;
				TARGETED_DEVICE_FAMILY = "1,2";
				TEST_HOST = "$(BUILT_PRODUCTS_DIR)/NetworkingLayer.app/$(BUNDLE_EXECUTABLE_FOLDER_PATH)/NetworkingLayer";
			};
			name = Release;
		};
		2971A42C2D696DE5006D1844 /* Debug */ = {
			isa = XCBuildConfiguration;
			buildSettings = {
				CODE_SIGN_STYLE = Automatic;
				CURRENT_PROJECT_VERSION = 1;
				DEVELOPMENT_TEAM = 54B4Q6RGVU;
				GENERATE_INFOPLIST_FILE = YES;
				MARKETING_VERSION = 1.0;
				PRODUCT_BUNDLE_IDENTIFIER = abiu.ramirezroldan.NetworkingLayerUITests;
				PRODUCT_NAME = "$(TARGET_NAME)";
				SWIFT_EMIT_LOC_STRINGS = NO;
				SWIFT_VERSION = 5.0;
				TARGETED_DEVICE_FAMILY = "1,2";
				TEST_TARGET_NAME = NetworkingLayer;
			};
			name = Debug;
		};
		2971A42D2D696DE5006D1844 /* Release */ = {
			isa = XCBuildConfiguration;
			buildSettings = {
				CODE_SIGN_STYLE = Automatic;
				CURRENT_PROJECT_VERSION = 1;
				DEVELOPMENT_TEAM = 54B4Q6RGVU;
				GENERATE_INFOPLIST_FILE = YES;
				MARKETING_VERSION = 1.0;
				PRODUCT_BUNDLE_IDENTIFIER = abiu.ramirezroldan.NetworkingLayerUITests;
				PRODUCT_NAME = "$(TARGET_NAME)";
				SWIFT_EMIT_LOC_STRINGS = NO;
				SWIFT_VERSION = 5.0;
				TARGETED_DEVICE_FAMILY = "1,2";
				TEST_TARGET_NAME = NetworkingLayer;
			};
			name = Release;
		};
/* End XCBuildConfiguration section */

/* Begin XCConfigurationList section */
		1E2E4EFC2D6AA0F900A583A3 /* Build configuration list for PBXNativeTarget "RestAPI" */ = {
			isa = XCConfigurationList;
			buildConfigurations = (
				1E2E4EF72D6AA0F900A583A3 /* Debug */,
				1E2E4EF82D6AA0F900A583A3 /* Release */,
			);
			defaultConfigurationIsVisible = 0;
			defaultConfigurationName = Release;
		};
		1E2E4EFD2D6AA0F900A583A3 /* Build configuration list for PBXNativeTarget "RestAPITests" */ = {
			isa = XCConfigurationList;
			buildConfigurations = (
				1E2E4EF92D6AA0F900A583A3 /* Debug */,
				1E2E4EFA2D6AA0F900A583A3 /* Release */,
			);
			defaultConfigurationIsVisible = 0;
			defaultConfigurationName = Release;
		};
		2971A3F62D696DE3006D1844 /* Build configuration list for PBXProject "NetworkingLayer" */ = {
			isa = XCConfigurationList;
			buildConfigurations = (
				2971A4232D696DE5006D1844 /* Debug */,
				2971A4242D696DE5006D1844 /* Release */,
			);
			defaultConfigurationIsVisible = 0;
			defaultConfigurationName = Release;
		};
		2971A4252D696DE5006D1844 /* Build configuration list for PBXNativeTarget "NetworkingLayer" */ = {
			isa = XCConfigurationList;
			buildConfigurations = (
				2971A4262D696DE5006D1844 /* Debug */,
				2971A4272D696DE5006D1844 /* Release */,
			);
			defaultConfigurationIsVisible = 0;
			defaultConfigurationName = Release;
		};
		2971A4282D696DE5006D1844 /* Build configuration list for PBXNativeTarget "NetworkingLayerTests" */ = {
			isa = XCConfigurationList;
			buildConfigurations = (
				2971A4292D696DE5006D1844 /* Debug */,
				2971A42A2D696DE5006D1844 /* Release */,
			);
			defaultConfigurationIsVisible = 0;
			defaultConfigurationName = Release;
		};
		2971A42B2D696DE5006D1844 /* Build configuration list for PBXNativeTarget "NetworkingLayerUITests" */ = {
			isa = XCConfigurationList;
			buildConfigurations = (
				2971A42C2D696DE5006D1844 /* Debug */,
				2971A42D2D696DE5006D1844 /* Release */,
			);
			defaultConfigurationIsVisible = 0;
			defaultConfigurationName = Release;
		};
/* End XCConfigurationList section */
	};
	rootObject = 2971A3F32D696DE3006D1844 /* Project object */;
}
